
Microsoft Visual Studio Solution File, Format Version 12.00
# Visual Studio Version 16
Project("{8BC9CEB8-8B4A-11D0-8D11-00A0C91BC942}") = "ALL_BUILD", "ALL_BUILD.vcxproj", "{CBFCD4E2-86CC-3C9E-A191-55361335BA35}"
	ProjectSection(ProjectDependencies) = postProject
		{54372A60-7C60-3A64-86DF-0443A8B8274F} = {54372A60-7C60-3A64-86DF-0443A8B8274F}
		{1F461F71-7FDC-3626-9580-A9525713E1FA} = {1F461F71-7FDC-3626-9580-A9525713E1FA}
		{1988AEFB-5129-331D-AE9A-441B7CB43255} = {1988AEFB-5129-331D-AE9A-441B7CB43255}
		{5A57EF9B-8306-3B27-9A0F-3D4308367B92} = {5A57EF9B-8306-3B27-9A0F-3D4308367B92}
		{A37DBDAE-BCDA-3795-94A5-42E4E33C8BB8} = {A37DBDAE-BCDA-3795-94A5-42E4E33C8BB8}
		{9DAA5B0F-4A6E-3C60-BB66-5C39B058D6F9} = {9DAA5B0F-4A6E-3C60-BB66-5C39B058D6F9}
		{F1E9CE7C-E1BB-3EB3-879E-D26B9E3FC53A} = {F1E9CE7C-E1BB-3EB3-879E-D26B9E3FC53A}
		{8DA63646-1481-3CB1-A43F-1E91796EA519} = {8DA63646-1481-3CB1-A43F-1E91796EA519}
		{9D5ADC9D-9904-390A-BA92-6EB01D99A92A} = {9D5ADC9D-9904-390A-BA92-6EB01D99A92A}
		{76AFBC39-B2A8-3F3B-ADF2-164302F2B22B} = {76AFBC39-B2A8-3F3B-ADF2-164302F2B22B}
		{A27173F5-8E39-3154-AFBB-30EDB1049DE5} = {A27173F5-8E39-3154-AFBB-30EDB1049DE5}
		{B0545B18-9368-3886-A558-37C407BCC8A4} = {B0545B18-9368-3886-A558-37C407BCC8A4}
		{C129D600-D39D-3558-88B9-DEDF49FE91C9} = {C129D600-D39D-3558-88B9-DEDF49FE91C9}
		{F2AE861B-F510-3965-8B49-1CE5550E3712} = {F2AE861B-F510-3965-8B49-1CE5550E3712}
		{07E2CA70-05CB-3CB0-AD0A-2A9A8E5A1D97} = {07E2CA70-05CB-3CB0-AD0A-2A9A8E5A1D97}
		{7B663CA3-91EA-39C0-9FD2-1D0306727E08} = {7B663CA3-91EA-39C0-9FD2-1D0306727E08}
		{8BCCB466-EB4E-333F-8D8C-9660677A0AF2} = {8BCCB466-EB4E-333F-8D8C-9660677A0AF2}
		{AA9807E4-DC08-38A7-BFC8-963CD8053FBF} = {AA9807E4-DC08-38A7-BFC8-963CD8053FBF}
		{3B588B80-6DEC-35C8-8FD8-44AD9F6EA157} = {3B588B80-6DEC-35C8-8FD8-44AD9F6EA157}
		{ABA77212-DBA0-3DF6-8C83-FF57C3E36CDE} = {ABA77212-DBA0-3DF6-8C83-FF57C3E36CDE}
		{39F8F0FB-8F71-34D2-BABD-6F931A41AB2A} = {39F8F0FB-8F71-34D2-BABD-6F931A41AB2A}
		{7A996652-EBEB-3E50-B5D4-CF668CB774EB} = {7A996652-EBEB-3E50-B5D4-CF668CB774EB}
		{75AABCF1-42E5-3B83-84CD-063F68DAB006} = {75AABCF1-42E5-3B83-84CD-063F68DAB006}
		{ADBBC968-67A9-3C87-84FA-241091EFE121} = {ADBBC968-67A9-3C87-84FA-241091EFE121}
	EndProjectSection
EndProject
Project("{8BC9CEB8-8B4A-11D0-8D11-00A0C91BC942}") = "INSTALL", "INSTALL.vcxproj", "{E79153A2-7D60-32A6-9555-E92DCBD23888}"
	ProjectSection(ProjectDependencies) = postProject
		{CBFCD4E2-86CC-3C9E-A191-55361335BA35} = {CBFCD4E2-86CC-3C9E-A191-55361335BA35}
		{1988AEFB-5129-331D-AE9A-441B7CB43255} = {1988AEFB-5129-331D-AE9A-441B7CB43255}
	EndProjectSection
EndProject
Project("{8BC9CEB8-8B4A-11D0-8D11-00A0C91BC942}") = "MetaAudio", "MetaAudio.vcxproj", "{54372A60-7C60-3A64-86DF-0443A8B8274F}"
	ProjectSection(ProjectDependencies) = postProject
		{1F461F71-7FDC-3626-9580-A9525713E1FA} = {1F461F71-7FDC-3626-9580-A9525713E1FA}
		{1988AEFB-5129-331D-AE9A-441B7CB43255} = {1988AEFB-5129-331D-AE9A-441B7CB43255}
		{39F8F0FB-8F71-34D2-BABD-6F931A41AB2A} = {39F8F0FB-8F71-34D2-BABD-6F931A41AB2A}
	EndProjectSection
EndProject
Project("{8BC9CEB8-8B4A-11D0-8D11-00A0C91BC942}") = "OpenAL", "externals\openal-soft\OpenAL.vcxproj", "{1F461F71-7FDC-3626-9580-A9525713E1FA}"
	ProjectSection(ProjectDependencies) = postProject
		{1988AEFB-5129-331D-AE9A-441B7CB43255} = {1988AEFB-5129-331D-AE9A-441B7CB43255}
		{6520E7EB-82CD-3A8F-A24C-4F55978B7ADB} = {6520E7EB-82CD-3A8F-A24C-4F55978B7ADB}
		{DFC364A2-E49F-3A49-922D-28C6C9EBA49A} = {DFC364A2-E49F-3A49-922D-28C6C9EBA49A}
	EndProjectSection
EndProject
Project("{8BC9CEB8-8B4A-11D0-8D11-00A0C91BC942}") = "ZERO_CHECK", "ZERO_CHECK.vcxproj", "{1988AEFB-5129-331D-AE9A-441B7CB43255}"
	ProjectSection(ProjectDependencies) = postProject
	EndProjectSection
EndProject
Project("{8BC9CEB8-8B4A-11D0-8D11-00A0C91BC942}") = "alconvolve", "externals\openal-soft\alconvolve.vcxproj", "{5A57EF9B-8306-3B27-9A0F-3D4308367B92}"
	ProjectSection(ProjectDependencies) = postProject
		{1F461F71-7FDC-3626-9580-A9525713E1FA} = {1F461F71-7FDC-3626-9580-A9525713E1FA}
		{1988AEFB-5129-331D-AE9A-441B7CB43255} = {1988AEFB-5129-331D-AE9A-441B7CB43255}
		{DFC364A2-E49F-3A49-922D-28C6C9EBA49A} = {DFC364A2-E49F-3A49-922D-28C6C9EBA49A}
		{1D797E43-35BC-323E-98D5-439F36D25E23} = {1D797E43-35BC-323E-98D5-439F36D25E23}
	EndProjectSection
EndProject
Project("{8BC9CEB8-8B4A-11D0-8D11-00A0C91BC942}") = "alhrtf", "externals\openal-soft\alhrtf.vcxproj", "{A37DBDAE-BCDA-3795-94A5-42E4E33C8BB8}"
	ProjectSection(ProjectDependencies) = postProject
		{1F461F71-7FDC-3626-9580-A9525713E1FA} = {1F461F71-7FDC-3626-9580-A9525713E1FA}
		{1988AEFB-5129-331D-AE9A-441B7CB43255} = {1988AEFB-5129-331D-AE9A-441B7CB43255}
		{1D797E43-35BC-323E-98D5-439F36D25E23} = {1D797E43-35BC-323E-98D5-439F36D25E23}
	EndProjectSection
EndProject
Project("{8BC9CEB8-8B4A-11D0-8D11-00A0C91BC942}") = "allatency", "externals\openal-soft\allatency.vcxproj", "{9DAA5B0F-4A6E-3C60-BB66-5C39B058D6F9}"
	ProjectSection(ProjectDependencies) = postProject
		{1F461F71-7FDC-3626-9580-A9525713E1FA} = {1F461F71-7FDC-3626-9580-A9525713E1FA}
		{1988AEFB-5129-331D-AE9A-441B7CB43255} = {1988AEFB-5129-331D-AE9A-441B7CB43255}
		{1D797E43-35BC-323E-98D5-439F36D25E23} = {1D797E43-35BC-323E-98D5-439F36D25E23}
	EndProjectSection
EndProject
Project("{8BC9CEB8-8B4A-11D0-8D11-00A0C91BC942}") = "alloopback", "externals\openal-soft\alloopback.vcxproj", "{F1E9CE7C-E1BB-3EB3-879E-D26B9E3FC53A}"
	ProjectSection(ProjectDependencies) = postProject
		{1F461F71-7FDC-3626-9580-A9525713E1FA} = {1F461F71-7FDC-3626-9580-A9525713E1FA}
		{1988AEFB-5129-331D-AE9A-441B7CB43255} = {1988AEFB-5129-331D-AE9A-441B7CB43255}
		{1D797E43-35BC-323E-98D5-439F36D25E23} = {1D797E43-35BC-323E-98D5-439F36D25E23}
	EndProjectSection
EndProject
Project("{8BC9CEB8-8B4A-11D0-8D11-00A0C91BC942}") = "almultireverb", "externals\openal-soft\almultireverb.vcxproj", "{8DA63646-1481-3CB1-A43F-1E91796EA519}"
	ProjectSection(ProjectDependencies) = postProject
		{1F461F71-7FDC-3626-9580-A9525713E1FA} = {1F461F71-7FDC-3626-9580-A9525713E1FA}
		{1988AEFB-5129-331D-AE9A-441B7CB43255} = {1988AEFB-5129-331D-AE9A-441B7CB43255}
		{1D797E43-35BC-323E-98D5-439F36D25E23} = {1D797E43-35BC-323E-98D5-439F36D25E23}
	EndProjectSection
EndProject
Project("{8BC9CEB8-8B4A-11D0-8D11-00A0C91BC942}") = "alplay", "externals\openal-soft\alplay.vcxproj", "{9D5ADC9D-9904-390A-BA92-6EB01D99A92A}"
	ProjectSection(ProjectDependencies) = postProject
		{1F461F71-7FDC-3626-9580-A9525713E1FA} = {1F461F71-7FDC-3626-9580-A9525713E1FA}
		{1988AEFB-5129-331D-AE9A-441B7CB43255} = {1988AEFB-5129-331D-AE9A-441B7CB43255}
		{1D797E43-35BC-323E-98D5-439F36D25E23} = {1D797E43-35BC-323E-98D5-439F36D25E23}
	EndProjectSection
EndProject
Project("{8BC9CEB8-8B4A-11D0-8D11-00A0C91BC942}") = "alrecord", "externals\openal-soft\alrecord.vcxproj", "{76AFBC39-B2A8-3F3B-ADF2-164302F2B22B}"
	ProjectSection(ProjectDependencies) = postProject
		{1F461F71-7FDC-3626-9580-A9525713E1FA} = {1F461F71-7FDC-3626-9580-A9525713E1FA}
		{1988AEFB-5129-331D-AE9A-441B7CB43255} = {1988AEFB-5129-331D-AE9A-441B7CB43255}
		{1D797E43-35BC-323E-98D5-439F36D25E23} = {1D797E43-35BC-323E-98D5-439F36D25E23}
	EndProjectSection
EndProject
Project("{8BC9CEB8-8B4A-11D0-8D11-00A0C91BC942}") = "alreverb", "externals\openal-soft\alreverb.vcxproj", "{A27173F5-8E39-3154-AFBB-30EDB1049DE5}"
	ProjectSection(ProjectDependencies) = postProject
		{1F461F71-7FDC-3626-9580-A9525713E1FA} = {1F461F71-7FDC-3626-9580-A9525713E1FA}
		{1988AEFB-5129-331D-AE9A-441B7CB43255} = {1988AEFB-5129-331D-AE9A-441B7CB43255}
		{1D797E43-35BC-323E-98D5-439F36D25E23} = {1D797E43-35BC-323E-98D5-439F36D25E23}
	EndProjectSection
EndProject
Project("{8BC9CEB8-8B4A-11D0-8D11-00A0C91BC942}") = "alstream", "externals\openal-soft\alstream.vcxproj", "{B0545B18-9368-3886-A558-37C407BCC8A4}"
	ProjectSection(ProjectDependencies) = postProject
		{1F461F71-7FDC-3626-9580-A9525713E1FA} = {1F461F71-7FDC-3626-9580-A9525713E1FA}
		{1988AEFB-5129-331D-AE9A-441B7CB43255} = {1988AEFB-5129-331D-AE9A-441B7CB43255}
		{1D797E43-35BC-323E-98D5-439F36D25E23} = {1D797E43-35BC-323E-98D5-439F36D25E23}
	EndProjectSection
EndProject
Project("{8BC9CEB8-8B4A-11D0-8D11-00A0C91BC942}") = "alstreamcb", "externals\openal-soft\alstreamcb.vcxproj", "{C129D600-D39D-3558-88B9-DEDF49FE91C9}"
	ProjectSection(ProjectDependencies) = postProject
		{1F461F71-7FDC-3626-9580-A9525713E1FA} = {1F461F71-7FDC-3626-9580-A9525713E1FA}
		{1988AEFB-5129-331D-AE9A-441B7CB43255} = {1988AEFB-5129-331D-AE9A-441B7CB43255}
		{1D797E43-35BC-323E-98D5-439F36D25E23} = {1D797E43-35BC-323E-98D5-439F36D25E23}
	EndProjectSection
EndProject
Project("{8BC9CEB8-8B4A-11D0-8D11-00A0C91BC942}") = "altonegen", "externals\openal-soft\altonegen.vcxproj", "{F2AE861B-F510-3965-8B49-1CE5550E3712}"
	ProjectSection(ProjectDependencies) = postProject
		{1F461F71-7FDC-3626-9580-A9525713E1FA} = {1F461F71-7FDC-3626-9580-A9525713E1FA}
		{1988AEFB-5129-331D-AE9A-441B7CB43255} = {1988AEFB-5129-331D-AE9A-441B7CB43255}
		{1D797E43-35BC-323E-98D5-439F36D25E23} = {1D797E43-35BC-323E-98D5-439F36D25E23}
	EndProjectSection
EndProject
Project("{8BC9CEB8-8B4A-11D0-8D11-00A0C91BC942}") = "alure-enum", "externals\alure\alure-enum.vcxproj", "{07E2CA70-05CB-3CB0-AD0A-2A9A8E5A1D97}"
	ProjectSection(ProjectDependencies) = postProject
		{1988AEFB-5129-331D-AE9A-441B7CB43255} = {1988AEFB-5129-331D-AE9A-441B7CB43255}
		{39F8F0FB-8F71-34D2-BABD-6F931A41AB2A} = {39F8F0FB-8F71-34D2-BABD-6F931A41AB2A}
	EndProjectSection
EndProject
Project("{8BC9CEB8-8B4A-11D0-8D11-00A0C91BC942}") = "alure-hrtf", "externals\alure\alure-hrtf.vcxproj", "{7B663CA3-91EA-39C0-9FD2-1D0306727E08}"
	ProjectSection(ProjectDependencies) = postProject
		{1988AEFB-5129-331D-AE9A-441B7CB43255} = {1988AEFB-5129-331D-AE9A-441B7CB43255}
		{39F8F0FB-8F71-34D2-BABD-6F931A41AB2A} = {39F8F0FB-8F71-34D2-BABD-6F931A41AB2A}
	EndProjectSection
EndProject
Project("{8BC9CEB8-8B4A-11D0-8D11-00A0C91BC942}") = "alure-play", "externals\alure\alure-play.vcxproj", "{8BCCB466-EB4E-333F-8D8C-9660677A0AF2}"
	ProjectSection(ProjectDependencies) = postProject
		{1988AEFB-5129-331D-AE9A-441B7CB43255} = {1988AEFB-5129-331D-AE9A-441B7CB43255}
		{39F8F0FB-8F71-34D2-BABD-6F931A41AB2A} = {39F8F0FB-8F71-34D2-BABD-6F931A41AB2A}
	EndProjectSection
EndProject
Project("{8BC9CEB8-8B4A-11D0-8D11-00A0C91BC942}") = "alure-play3d", "externals\alure\alure-play3d.vcxproj", "{AA9807E4-DC08-38A7-BFC8-963CD8053FBF}"
	ProjectSection(ProjectDependencies) = postProject
		{1988AEFB-5129-331D-AE9A-441B7CB43255} = {1988AEFB-5129-331D-AE9A-441B7CB43255}
		{39F8F0FB-8F71-34D2-BABD-6F931A41AB2A} = {39F8F0FB-8F71-34D2-BABD-6F931A41AB2A}
	EndProjectSection
EndProject
Project("{8BC9CEB8-8B4A-11D0-8D11-00A0C91BC942}") = "alure-reverb", "externals\alure\alure-reverb.vcxproj", "{3B588B80-6DEC-35C8-8FD8-44AD9F6EA157}"
	ProjectSection(ProjectDependencies) = postProject
		{1988AEFB-5129-331D-AE9A-441B7CB43255} = {1988AEFB-5129-331D-AE9A-441B7CB43255}
		{39F8F0FB-8F71-34D2-BABD-6F931A41AB2A} = {39F8F0FB-8F71-34D2-BABD-6F931A41AB2A}
	EndProjectSection
EndProject
Project("{8BC9CEB8-8B4A-11D0-8D11-00A0C91BC942}") = "alure-stream", "externals\alure\alure-stream.vcxproj", "{ABA77212-DBA0-3DF6-8C83-FF57C3E36CDE}"
	ProjectSection(ProjectDependencies) = postProject
		{1988AEFB-5129-331D-AE9A-441B7CB43255} = {1988AEFB-5129-331D-AE9A-441B7CB43255}
		{39F8F0FB-8F71-34D2-BABD-6F931A41AB2A} = {39F8F0FB-8F71-34D2-BABD-6F931A41AB2A}
	EndProjectSection
EndProject
Project("{8BC9CEB8-8B4A-11D0-8D11-00A0C91BC942}") = "alure2", "externals\alure\alure2.vcxproj", "{39F8F0FB-8F71-34D2-BABD-6F931A41AB2A}"
	ProjectSection(ProjectDependencies) = postProject
		{1988AEFB-5129-331D-AE9A-441B7CB43255} = {1988AEFB-5129-331D-AE9A-441B7CB43255}
	EndProjectSection
EndProject
Project("{8BC9CEB8-8B4A-11D0-8D11-00A0C91BC942}") = "alure2_s", "externals\alure\alure2_s.vcxproj", "{7A996652-EBEB-3E50-B5D4-CF668CB774EB}"
	ProjectSection(ProjectDependencies) = postProject
		{1988AEFB-5129-331D-AE9A-441B7CB43255} = {1988AEFB-5129-331D-AE9A-441B7CB43255}
	EndProjectSection
EndProject
Project("{8BC9CEB8-8B4A-11D0-8D11-00A0C91BC942}") = "build_version", "externals\openal-soft\build_version.vcxproj", "{6520E7EB-82CD-3A8F-A24C-4F55978B7ADB}"
	ProjectSection(ProjectDependencies) = postProject
		{1988AEFB-5129-331D-AE9A-441B7CB43255} = {1988AEFB-5129-331D-AE9A-441B7CB43255}
	EndProjectSection
EndProject
Project("{8BC9CEB8-8B4A-11D0-8D11-00A0C91BC942}") = "common", "externals\openal-soft\common.vcxproj", "{DFC364A2-E49F-3A49-922D-28C6C9EBA49A}"
	ProjectSection(ProjectDependencies) = postProject
		{1988AEFB-5129-331D-AE9A-441B7CB43255} = {1988AEFB-5129-331D-AE9A-441B7CB43255}
	EndProjectSection
EndProject
Project("{8BC9CEB8-8B4A-11D0-8D11-00A0C91BC942}") = "ex-common", "externals\openal-soft\ex-common.vcxproj", "{1D797E43-35BC-323E-98D5-439F36D25E23}"
	ProjectSection(ProjectDependencies) = postProject
		{1F461F71-7FDC-3626-9580-A9525713E1FA} = {1F461F71-7FDC-3626-9580-A9525713E1FA}
		{1988AEFB-5129-331D-AE9A-441B7CB43255} = {1988AEFB-5129-331D-AE9A-441B7CB43255}
	EndProjectSection
EndProject
Project("{8BC9CEB8-8B4A-11D0-8D11-00A0C91BC942}") = "metahook", "externals\metahook\metahook.vcxproj", "{75AABCF1-42E5-3B83-84CD-063F68DAB006}"
	ProjectSection(ProjectDependencies) = postProject
		{1988AEFB-5129-331D-AE9A-441B7CB43255} = {1988AEFB-5129-331D-AE9A-441B7CB43255}
	EndProjectSection
EndProject
Project("{8BC9CEB8-8B4A-11D0-8D11-00A0C91BC942}") = "openal-info", "externals\openal-soft\openal-info.vcxproj", "{ADBBC968-67A9-3C87-84FA-241091EFE121}"
	ProjectSection(ProjectDependencies) = postProject
		{1F461F71-7FDC-3626-9580-A9525713E1FA} = {1F461F71-7FDC-3626-9580-A9525713E1FA}
		{1988AEFB-5129-331D-AE9A-441B7CB43255} = {1988AEFB-5129-331D-AE9A-441B7CB43255}
	EndProjectSection
EndProject
Global
	GlobalSection(SolutionConfigurationPlatforms) = preSolution
		Debug|Win32 = Debug|Win32
		Release|Win32 = Release|Win32
		MinSizeRel|Win32 = MinSizeRel|Win32
		RelWithDebInfo|Win32 = RelWithDebInfo|Win32
	EndGlobalSection
	GlobalSection(ProjectConfigurationPlatforms) = postSolution
		{CBFCD4E2-86CC-3C9E-A191-55361335BA35}.Debug|Win32.ActiveCfg = Debug|Win32
		{CBFCD4E2-86CC-3C9E-A191-55361335BA35}.Debug|Win32.Build.0 = Debug|Win32
		{CBFCD4E2-86CC-3C9E-A191-55361335BA35}.Release|Win32.ActiveCfg = Release|Win32
		{CBFCD4E2-86CC-3C9E-A191-55361335BA35}.Release|Win32.Build.0 = Release|Win32
		{CBFCD4E2-86CC-3C9E-A191-55361335BA35}.MinSizeRel|Win32.ActiveCfg = MinSizeRel|Win32
		{CBFCD4E2-86CC-3C9E-A191-55361335BA35}.MinSizeRel|Win32.Build.0 = MinSizeRel|Win32
		{CBFCD4E2-86CC-3C9E-A191-55361335BA35}.RelWithDebInfo|Win32.ActiveCfg = RelWithDebInfo|Win32
		{CBFCD4E2-86CC-3C9E-A191-55361335BA35}.RelWithDebInfo|Win32.Build.0 = RelWithDebInfo|Win32
		{E79153A2-7D60-32A6-9555-E92DCBD23888}.Debug|Win32.ActiveCfg = Debug|Win32
		{E79153A2-7D60-32A6-9555-E92DCBD23888}.Release|Win32.ActiveCfg = Release|Win32
		{E79153A2-7D60-32A6-9555-E92DCBD23888}.MinSizeRel|Win32.ActiveCfg = MinSizeRel|Win32
		{E79153A2-7D60-32A6-9555-E92DCBD23888}.RelWithDebInfo|Win32.ActiveCfg = RelWithDebInfo|Win32
		{54372A60-7C60-3A64-86DF-0443A8B8274F}.Debug|Win32.ActiveCfg = Debug|Win32
		{54372A60-7C60-3A64-86DF-0443A8B8274F}.Debug|Win32.Build.0 = Debug|Win32
		{54372A60-7C60-3A64-86DF-0443A8B8274F}.Release|Win32.ActiveCfg = Release|Win32
		{54372A60-7C60-3A64-86DF-0443A8B8274F}.Release|Win32.Build.0 = Release|Win32
		{54372A60-7C60-3A64-86DF-0443A8B8274F}.MinSizeRel|Win32.ActiveCfg = MinSizeRel|Win32
		{54372A60-7C60-3A64-86DF-0443A8B8274F}.MinSizeRel|Win32.Build.0 = MinSizeRel|Win32
		{54372A60-7C60-3A64-86DF-0443A8B8274F}.RelWithDebInfo|Win32.ActiveCfg = RelWithDebInfo|Win32
		{54372A60-7C60-3A64-86DF-0443A8B8274F}.RelWithDebInfo|Win32.Build.0 = RelWithDebInfo|Win32
		{1F461F71-7FDC-3626-9580-A9525713E1FA}.Debug|Win32.ActiveCfg = Debug|Win32
		{1F461F71-7FDC-3626-9580-A9525713E1FA}.Debug|Win32.Build.0 = Debug|Win32
		{1F461F71-7FDC-3626-9580-A9525713E1FA}.Release|Win32.ActiveCfg = Release|Win32
		{1F461F71-7FDC-3626-9580-A9525713E1FA}.Release|Win32.Build.0 = Release|Win32
		{1F461F71-7FDC-3626-9580-A9525713E1FA}.MinSizeRel|Win32.ActiveCfg = MinSizeRel|Win32
		{1F461F71-7FDC-3626-9580-A9525713E1FA}.MinSizeRel|Win32.Build.0 = MinSizeRel|Win32
		{1F461F71-7FDC-3626-9580-A9525713E1FA}.RelWithDebInfo|Win32.ActiveCfg = RelWithDebInfo|Win32
		{1F461F71-7FDC-3626-9580-A9525713E1FA}.RelWithDebInfo|Win32.Build.0 = RelWithDebInfo|Win32
		{1988AEFB-5129-331D-AE9A-441B7CB43255}.Debug|Win32.ActiveCfg = Debug|Win32
		{1988AEFB-5129-331D-AE9A-441B7CB43255}.Debug|Win32.Build.0 = Debug|Win32
		{1988AEFB-5129-331D-AE9A-441B7CB43255}.Release|Win32.ActiveCfg = Release|Win32
		{1988AEFB-5129-331D-AE9A-441B7CB43255}.Release|Win32.Build.0 = Release|Win32
		{1988AEFB-5129-331D-AE9A-441B7CB43255}.MinSizeRel|Win32.ActiveCfg = MinSizeRel|Win32
		{1988AEFB-5129-331D-AE9A-441B7CB43255}.MinSizeRel|Win32.Build.0 = MinSizeRel|Win32
		{1988AEFB-5129-331D-AE9A-441B7CB43255}.RelWithDebInfo|Win32.ActiveCfg = RelWithDebInfo|Win32
		{1988AEFB-5129-331D-AE9A-441B7CB43255}.RelWithDebInfo|Win32.Build.0 = RelWithDebInfo|Win32
		{5A57EF9B-8306-3B27-9A0F-3D4308367B92}.Debug|Win32.ActiveCfg = Debug|Win32
		{5A57EF9B-8306-3B27-9A0F-3D4308367B92}.Debug|Win32.Build.0 = Debug|Win32
		{5A57EF9B-8306-3B27-9A0F-3D4308367B92}.Release|Win32.ActiveCfg = Release|Win32
		{5A57EF9B-8306-3B27-9A0F-3D4308367B92}.Release|Win32.Build.0 = Release|Win32
		{5A57EF9B-8306-3B27-9A0F-3D4308367B92}.MinSizeRel|Win32.ActiveCfg = MinSizeRel|Win32
		{5A57EF9B-8306-3B27-9A0F-3D4308367B92}.MinSizeRel|Win32.Build.0 = MinSizeRel|Win32
		{5A57EF9B-8306-3B27-9A0F-3D4308367B92}.RelWithDebInfo|Win32.ActiveCfg = RelWithDebInfo|Win32
		{5A57EF9B-8306-3B27-9A0F-3D4308367B92}.RelWithDebInfo|Win32.Build.0 = RelWithDebInfo|Win32
		{A37DBDAE-BCDA-3795-94A5-42E4E33C8BB8}.Debug|Win32.ActiveCfg = Debug|Win32
		{A37DBDAE-BCDA-3795-94A5-42E4E33C8BB8}.Debug|Win32.Build.0 = Debug|Win32
		{A37DBDAE-BCDA-3795-94A5-42E4E33C8BB8}.Release|Win32.ActiveCfg = Release|Win32
		{A37DBDAE-BCDA-3795-94A5-42E4E33C8BB8}.Release|Win32.Build.0 = Release|Win32
		{A37DBDAE-BCDA-3795-94A5-42E4E33C8BB8}.MinSizeRel|Win32.ActiveCfg = MinSizeRel|Win32
		{A37DBDAE-BCDA-3795-94A5-42E4E33C8BB8}.MinSizeRel|Win32.Build.0 = MinSizeRel|Win32
		{A37DBDAE-BCDA-3795-94A5-42E4E33C8BB8}.RelWithDebInfo|Win32.ActiveCfg = RelWithDebInfo|Win32
		{A37DBDAE-BCDA-3795-94A5-42E4E33C8BB8}.RelWithDebInfo|Win32.Build.0 = RelWithDebInfo|Win32
		{9DAA5B0F-4A6E-3C60-BB66-5C39B058D6F9}.Debug|Win32.ActiveCfg = Debug|Win32
		{9DAA5B0F-4A6E-3C60-BB66-5C39B058D6F9}.Debug|Win32.Build.0 = Debug|Win32
		{9DAA5B0F-4A6E-3C60-BB66-5C39B058D6F9}.Release|Win32.ActiveCfg = Release|Win32
		{9DAA5B0F-4A6E-3C60-BB66-5C39B058D6F9}.Release|Win32.Build.0 = Release|Win32
		{9DAA5B0F-4A6E-3C60-BB66-5C39B058D6F9}.MinSizeRel|Win32.ActiveCfg = MinSizeRel|Win32
		{9DAA5B0F-4A6E-3C60-BB66-5C39B058D6F9}.MinSizeRel|Win32.Build.0 = MinSizeRel|Win32
		{9DAA5B0F-4A6E-3C60-BB66-5C39B058D6F9}.RelWithDebInfo|Win32.ActiveCfg = RelWithDebInfo|Win32
		{9DAA5B0F-4A6E-3C60-BB66-5C39B058D6F9}.RelWithDebInfo|Win32.Build.0 = RelWithDebInfo|Win32
		{F1E9CE7C-E1BB-3EB3-879E-D26B9E3FC53A}.Debug|Win32.ActiveCfg = Debug|Win32
		{F1E9CE7C-E1BB-3EB3-879E-D26B9E3FC53A}.Debug|Win32.Build.0 = Debug|Win32
		{F1E9CE7C-E1BB-3EB3-879E-D26B9E3FC53A}.Release|Win32.ActiveCfg = Release|Win32
		{F1E9CE7C-E1BB-3EB3-879E-D26B9E3FC53A}.Release|Win32.Build.0 = Release|Win32
		{F1E9CE7C-E1BB-3EB3-879E-D26B9E3FC53A}.MinSizeRel|Win32.ActiveCfg = MinSizeRel|Win32
		{F1E9CE7C-E1BB-3EB3-879E-D26B9E3FC53A}.MinSizeRel|Win32.Build.0 = MinSizeRel|Win32
		{F1E9CE7C-E1BB-3EB3-879E-D26B9E3FC53A}.RelWithDebInfo|Win32.ActiveCfg = RelWithDebInfo|Win32
		{F1E9CE7C-E1BB-3EB3-879E-D26B9E3FC53A}.RelWithDebInfo|Win32.Build.0 = RelWithDebInfo|Win32
		{8DA63646-1481-3CB1-A43F-1E91796EA519}.Debug|Win32.ActiveCfg = Debug|Win32
		{8DA63646-1481-3CB1-A43F-1E91796EA519}.Debug|Win32.Build.0 = Debug|Win32
		{8DA63646-1481-3CB1-A43F-1E91796EA519}.Release|Win32.ActiveCfg = Release|Win32
		{8DA63646-1481-3CB1-A43F-1E91796EA519}.Release|Win32.Build.0 = Release|Win32
		{8DA63646-1481-3CB1-A43F-1E91796EA519}.MinSizeRel|Win32.ActiveCfg = MinSizeRel|Win32
		{8DA63646-1481-3CB1-A43F-1E91796EA519}.MinSizeRel|Win32.Build.0 = MinSizeRel|Win32
		{8DA63646-1481-3CB1-A43F-1E91796EA519}.RelWithDebInfo|Win32.ActiveCfg = RelWithDebInfo|Win32
		{8DA63646-1481-3CB1-A43F-1E91796EA519}.RelWithDebInfo|Win32.Build.0 = RelWithDebInfo|Win32
		{9D5ADC9D-9904-390A-BA92-6EB01D99A92A}.Debug|Win32.ActiveCfg = Debug|Win32
		{9D5ADC9D-9904-390A-BA92-6EB01D99A92A}.Debug|Win32.Build.0 = Debug|Win32
		{9D5ADC9D-9904-390A-BA92-6EB01D99A92A}.Release|Win32.ActiveCfg = Release|Win32
		{9D5ADC9D-9904-390A-BA92-6EB01D99A92A}.Release|Win32.Build.0 = Release|Win32
		{9D5ADC9D-9904-390A-BA92-6EB01D99A92A}.MinSizeRel|Win32.ActiveCfg = MinSizeRel|Win32
		{9D5ADC9D-9904-390A-BA92-6EB01D99A92A}.MinSizeRel|Win32.Build.0 = MinSizeRel|Win32
		{9D5ADC9D-9904-390A-BA92-6EB01D99A92A}.RelWithDebInfo|Win32.ActiveCfg = RelWithDebInfo|Win32
		{9D5ADC9D-9904-390A-BA92-6EB01D99A92A}.RelWithDebInfo|Win32.Build.0 = RelWithDebInfo|Win32
		{76AFBC39-B2A8-3F3B-ADF2-164302F2B22B}.Debug|Win32.ActiveCfg = Debug|Win32
		{76AFBC39-B2A8-3F3B-ADF2-164302F2B22B}.Debug|Win32.Build.0 = Debug|Win32
		{76AFBC39-B2A8-3F3B-ADF2-164302F2B22B}.Release|Win32.ActiveCfg = Release|Win32
		{76AFBC39-B2A8-3F3B-ADF2-164302F2B22B}.Release|Win32.Build.0 = Release|Win32
		{76AFBC39-B2A8-3F3B-ADF2-164302F2B22B}.MinSizeRel|Win32.ActiveCfg = MinSizeRel|Win32
		{76AFBC39-B2A8-3F3B-ADF2-164302F2B22B}.MinSizeRel|Win32.Build.0 = MinSizeRel|Win32
		{76AFBC39-B2A8-3F3B-ADF2-164302F2B22B}.RelWithDebInfo|Win32.ActiveCfg = RelWithDebInfo|Win32
		{76AFBC39-B2A8-3F3B-ADF2-164302F2B22B}.RelWithDebInfo|Win32.Build.0 = RelWithDebInfo|Win32
		{A27173F5-8E39-3154-AFBB-30EDB1049DE5}.Debug|Win32.ActiveCfg = Debug|Win32
		{A27173F5-8E39-3154-AFBB-30EDB1049DE5}.Debug|Win32.Build.0 = Debug|Win32
		{A27173F5-8E39-3154-AFBB-30EDB1049DE5}.Release|Win32.ActiveCfg = Release|Win32
		{A27173F5-8E39-3154-AFBB-30EDB1049DE5}.Release|Win32.Build.0 = Release|Win32
		{A27173F5-8E39-3154-AFBB-30EDB1049DE5}.MinSizeRel|Win32.ActiveCfg = MinSizeRel|Win32
		{A27173F5-8E39-3154-AFBB-30EDB1049DE5}.MinSizeRel|Win32.Build.0 = MinSizeRel|Win32
		{A27173F5-8E39-3154-AFBB-30EDB1049DE5}.RelWithDebInfo|Win32.ActiveCfg = RelWithDebInfo|Win32
		{A27173F5-8E39-3154-AFBB-30EDB1049DE5}.RelWithDebInfo|Win32.Build.0 = RelWithDebInfo|Win32
		{B0545B18-9368-3886-A558-37C407BCC8A4}.Debug|Win32.ActiveCfg = Debug|Win32
		{B0545B18-9368-3886-A558-37C407BCC8A4}.Debug|Win32.Build.0 = Debug|Win32
		{B0545B18-9368-3886-A558-37C407BCC8A4}.Release|Win32.ActiveCfg = Release|Win32
		{B0545B18-9368-3886-A558-37C407BCC8A4}.Release|Win32.Build.0 = Release|Win32
		{B0545B18-9368-3886-A558-37C407BCC8A4}.MinSizeRel|Win32.ActiveCfg = MinSizeRel|Win32
		{B0545B18-9368-3886-A558-37C407BCC8A4}.MinSizeRel|Win32.Build.0 = MinSizeRel|Win32
		{B0545B18-9368-3886-A558-37C407BCC8A4}.RelWithDebInfo|Win32.ActiveCfg = RelWithDebInfo|Win32
		{B0545B18-9368-3886-A558-37C407BCC8A4}.RelWithDebInfo|Win32.Build.0 = RelWithDebInfo|Win32
		{C129D600-D39D-3558-88B9-DEDF49FE91C9}.Debug|Win32.ActiveCfg = Debug|Win32
		{C129D600-D39D-3558-88B9-DEDF49FE91C9}.Debug|Win32.Build.0 = Debug|Win32
		{C129D600-D39D-3558-88B9-DEDF49FE91C9}.Release|Win32.ActiveCfg = Release|Win32
		{C129D600-D39D-3558-88B9-DEDF49FE91C9}.Release|Win32.Build.0 = Release|Win32
		{C129D600-D39D-3558-88B9-DEDF49FE91C9}.MinSizeRel|Win32.ActiveCfg = MinSizeRel|Win32
		{C129D600-D39D-3558-88B9-DEDF49FE91C9}.MinSizeRel|Win32.Build.0 = MinSizeRel|Win32
		{C129D600-D39D-3558-88B9-DEDF49FE91C9}.RelWithDebInfo|Win32.ActiveCfg = RelWithDebInfo|Win32
		{C129D600-D39D-3558-88B9-DEDF49FE91C9}.RelWithDebInfo|Win32.Build.0 = RelWithDebInfo|Win32
		{F2AE861B-F510-3965-8B49-1CE5550E3712}.Debug|Win32.ActiveCfg = Debug|Win32
		{F2AE861B-F510-3965-8B49-1CE5550E3712}.Debug|Win32.Build.0 = Debug|Win32
		{F2AE861B-F510-3965-8B49-1CE5550E3712}.Release|Win32.ActiveCfg = Release|Win32
		{F2AE861B-F510-3965-8B49-1CE5550E3712}.Release|Win32.Build.0 = Release|Win32
		{F2AE861B-F510-3965-8B49-1CE5550E3712}.MinSizeRel|Win32.ActiveCfg = MinSizeRel|Win32
		{F2AE861B-F510-3965-8B49-1CE5550E3712}.MinSizeRel|Win32.Build.0 = MinSizeRel|Win32
		{F2AE861B-F510-3965-8B49-1CE5550E3712}.RelWithDebInfo|Win32.ActiveCfg = RelWithDebInfo|Win32
		{F2AE861B-F510-3965-8B49-1CE5550E3712}.RelWithDebInfo|Win32.Build.0 = RelWithDebInfo|Win32
		{07E2CA70-05CB-3CB0-AD0A-2A9A8E5A1D97}.Debug|Win32.ActiveCfg = Debug|Win32
		{07E2CA70-05CB-3CB0-AD0A-2A9A8E5A1D97}.Debug|Win32.Build.0 = Debug|Win32
		{07E2CA70-05CB-3CB0-AD0A-2A9A8E5A1D97}.Release|Win32.ActiveCfg = Release|Win32
		{07E2CA70-05CB-3CB0-AD0A-2A9A8E5A1D97}.Release|Win32.Build.0 = Release|Win32
		{07E2CA70-05CB-3CB0-AD0A-2A9A8E5A1D97}.MinSizeRel|Win32.ActiveCfg = MinSizeRel|Win32
		{07E2CA70-05CB-3CB0-AD0A-2A9A8E5A1D97}.MinSizeRel|Win32.Build.0 = MinSizeRel|Win32
		{07E2CA70-05CB-3CB0-AD0A-2A9A8E5A1D97}.RelWithDebInfo|Win32.ActiveCfg = RelWithDebInfo|Win32
		{07E2CA70-05CB-3CB0-AD0A-2A9A8E5A1D97}.RelWithDebInfo|Win32.Build.0 = RelWithDebInfo|Win32
		{7B663CA3-91EA-39C0-9FD2-1D0306727E08}.Debug|Win32.ActiveCfg = Debug|Win32
		{7B663CA3-91EA-39C0-9FD2-1D0306727E08}.Debug|Win32.Build.0 = Debug|Win32
		{7B663CA3-91EA-39C0-9FD2-1D0306727E08}.Release|Win32.ActiveCfg = Release|Win32
		{7B663CA3-91EA-39C0-9FD2-1D0306727E08}.Release|Win32.Build.0 = Release|Win32
		{7B663CA3-91EA-39C0-9FD2-1D0306727E08}.MinSizeRel|Win32.ActiveCfg = MinSizeRel|Win32
		{7B663CA3-91EA-39C0-9FD2-1D0306727E08}.MinSizeRel|Win32.Build.0 = MinSizeRel|Win32
		{7B663CA3-91EA-39C0-9FD2-1D0306727E08}.RelWithDebInfo|Win32.ActiveCfg = RelWithDebInfo|Win32
		{7B663CA3-91EA-39C0-9FD2-1D0306727E08}.RelWithDebInfo|Win32.Build.0 = RelWithDebInfo|Win32
		{8BCCB466-EB4E-333F-8D8C-9660677A0AF2}.Debug|Win32.ActiveCfg = Debug|Win32
		{8BCCB466-EB4E-333F-8D8C-9660677A0AF2}.Debug|Win32.Build.0 = Debug|Win32
		{8BCCB466-EB4E-333F-8D8C-9660677A0AF2}.Release|Win32.ActiveCfg = Release|Win32
		{8BCCB466-EB4E-333F-8D8C-9660677A0AF2}.Release|Win32.Build.0 = Release|Win32
		{8BCCB466-EB4E-333F-8D8C-9660677A0AF2}.MinSizeRel|Win32.ActiveCfg = MinSizeRel|Win32
		{8BCCB466-EB4E-333F-8D8C-9660677A0AF2}.MinSizeRel|Win32.Build.0 = MinSizeRel|Win32
		{8BCCB466-EB4E-333F-8D8C-9660677A0AF2}.RelWithDebInfo|Win32.ActiveCfg = RelWithDebInfo|Win32
		{8BCCB466-EB4E-333F-8D8C-9660677A0AF2}.RelWithDebInfo|Win32.Build.0 = RelWithDebInfo|Win32
		{AA9807E4-DC08-38A7-BFC8-963CD8053FBF}.Debug|Win32.ActiveCfg = Debug|Win32
		{AA9807E4-DC08-38A7-BFC8-963CD8053FBF}.Debug|Win32.Build.0 = Debug|Win32
		{AA9807E4-DC08-38A7-BFC8-963CD8053FBF}.Release|Win32.ActiveCfg = Release|Win32
		{AA9807E4-DC08-38A7-BFC8-963CD8053FBF}.Release|Win32.Build.0 = Release|Win32
		{AA9807E4-DC08-38A7-BFC8-963CD8053FBF}.MinSizeRel|Win32.ActiveCfg = MinSizeRel|Win32
		{AA9807E4-DC08-38A7-BFC8-963CD8053FBF}.MinSizeRel|Win32.Build.0 = MinSizeRel|Win32
		{AA9807E4-DC08-38A7-BFC8-963CD8053FBF}.RelWithDebInfo|Win32.ActiveCfg = RelWithDebInfo|Win32
		{AA9807E4-DC08-38A7-BFC8-963CD8053FBF}.RelWithDebInfo|Win32.Build.0 = RelWithDebInfo|Win32
		{3B588B80-6DEC-35C8-8FD8-44AD9F6EA157}.Debug|Win32.ActiveCfg = Debug|Win32
		{3B588B80-6DEC-35C8-8FD8-44AD9F6EA157}.Debug|Win32.Build.0 = Debug|Win32
		{3B588B80-6DEC-35C8-8FD8-44AD9F6EA157}.Release|Win32.ActiveCfg = Release|Win32
		{3B588B80-6DEC-35C8-8FD8-44AD9F6EA157}.Release|Win32.Build.0 = Release|Win32
		{3B588B80-6DEC-35C8-8FD8-44AD9F6EA157}.MinSizeRel|Win32.ActiveCfg = MinSizeRel|Win32
		{3B588B80-6DEC-35C8-8FD8-44AD9F6EA157}.MinSizeRel|Win32.Build.0 = MinSizeRel|Win32
		{3B588B80-6DEC-35C8-8FD8-44AD9F6EA157}.RelWithDebInfo|Win32.ActiveCfg = RelWithDebInfo|Win32
		{3B588B80-6DEC-35C8-8FD8-44AD9F6EA157}.RelWithDebInfo|Win32.Build.0 = RelWithDebInfo|Win32
		{ABA77212-DBA0-3DF6-8C83-FF57C3E36CDE}.Debug|Win32.ActiveCfg = Debug|Win32
		{ABA77212-DBA0-3DF6-8C83-FF57C3E36CDE}.Debug|Win32.Build.0 = Debug|Win32
		{ABA77212-DBA0-3DF6-8C83-FF57C3E36CDE}.Release|Win32.ActiveCfg = Release|Win32
		{ABA77212-DBA0-3DF6-8C83-FF57C3E36CDE}.Release|Win32.Build.0 = Release|Win32
		{ABA77212-DBA0-3DF6-8C83-FF57C3E36CDE}.MinSizeRel|Win32.ActiveCfg = MinSizeRel|Win32
		{ABA77212-DBA0-3DF6-8C83-FF57C3E36CDE}.MinSizeRel|Win32.Build.0 = MinSizeRel|Win32
		{ABA77212-DBA0-3DF6-8C83-FF57C3E36CDE}.RelWithDebInfo|Win32.ActiveCfg = RelWithDebInfo|Win32
		{ABA77212-DBA0-3DF6-8C83-FF57C3E36CDE}.RelWithDebInfo|Win32.Build.0 = RelWithDebInfo|Win32
		{39F8F0FB-8F71-34D2-BABD-6F931A41AB2A}.Debug|Win32.ActiveCfg = Debug|Win32
		{39F8F0FB-8F71-34D2-BABD-6F931A41AB2A}.Debug|Win32.Build.0 = Debug|Win32
		{39F8F0FB-8F71-34D2-BABD-6F931A41AB2A}.Release|Win32.ActiveCfg = Release|Win32
		{39F8F0FB-8F71-34D2-BABD-6F931A41AB2A}.Release|Win32.Build.0 = Release|Win32
		{39F8F0FB-8F71-34D2-BABD-6F931A41AB2A}.MinSizeRel|Win32.ActiveCfg = MinSizeRel|Win32
		{39F8F0FB-8F71-34D2-BABD-6F931A41AB2A}.MinSizeRel|Win32.Build.0 = MinSizeRel|Win32
		{39F8F0FB-8F71-34D2-BABD-6F931A41AB2A}.RelWithDebInfo|Win32.ActiveCfg = RelWithDebInfo|Win32
		{39F8F0FB-8F71-34D2-BABD-6F931A41AB2A}.RelWithDebInfo|Win32.Build.0 = RelWithDebInfo|Win32
		{7A996652-EBEB-3E50-B5D4-CF668CB774EB}.Debug|Win32.ActiveCfg = Debug|Win32
		{7A996652-EBEB-3E50-B5D4-CF668CB774EB}.Debug|Win32.Build.0 = Debug|Win32
		{7A996652-EBEB-3E50-B5D4-CF668CB774EB}.Release|Win32.ActiveCfg = Release|Win32
		{7A996652-EBEB-3E50-B5D4-CF668CB774EB}.Release|Win32.Build.0 = Release|Win32
		{7A996652-EBEB-3E50-B5D4-CF668CB774EB}.MinSizeRel|Win32.ActiveCfg = MinSizeRel|Win32
		{7A996652-EBEB-3E50-B5D4-CF668CB774EB}.MinSizeRel|Win32.Build.0 = MinSizeRel|Win32
		{7A996652-EBEB-3E50-B5D4-CF668CB774EB}.RelWithDebInfo|Win32.ActiveCfg = RelWithDebInfo|Win32
		{7A996652-EBEB-3E50-B5D4-CF668CB774EB}.RelWithDebInfo|Win32.Build.0 = RelWithDebInfo|Win32
		{6520E7EB-82CD-3A8F-A24C-4F55978B7ADB}.Debug|Win32.ActiveCfg = Debug|Win32
		{6520E7EB-82CD-3A8F-A24C-4F55978B7ADB}.Debug|Win32.Build.0 = Debug|Win32
		{6520E7EB-82CD-3A8F-A24C-4F55978B7ADB}.Release|Win32.ActiveCfg = Release|Win32
		{6520E7EB-82CD-3A8F-A24C-4F55978B7ADB}.Release|Win32.Build.0 = Release|Win32
		{6520E7EB-82CD-3A8F-A24C-4F55978B7ADB}.MinSizeRel|Win32.ActiveCfg = MinSizeRel|Win32
		{6520E7EB-82CD-3A8F-A24C-4F55978B7ADB}.MinSizeRel|Win32.Build.0 = MinSizeRel|Win32
		{6520E7EB-82CD-3A8F-A24C-4F55978B7ADB}.RelWithDebInfo|Win32.ActiveCfg = RelWithDebInfo|Win32
		{6520E7EB-82CD-3A8F-A24C-4F55978B7ADB}.RelWithDebInfo|Win32.Build.0 = RelWithDebInfo|Win32
		{DFC364A2-E49F-3A49-922D-28C6C9EBA49A}.Debug|Win32.ActiveCfg = Debug|Win32
		{DFC364A2-E49F-3A49-922D-28C6C9EBA49A}.Debug|Win32.Build.0 = Debug|Win32
		{DFC364A2-E49F-3A49-922D-28C6C9EBA49A}.Release|Win32.ActiveCfg = Release|Win32
		{DFC364A2-E49F-3A49-922D-28C6C9EBA49A}.Release|Win32.Build.0 = Release|Win32
		{DFC364A2-E49F-3A49-922D-28C6C9EBA49A}.MinSizeRel|Win32.ActiveCfg = MinSizeRel|Win32
		{DFC364A2-E49F-3A49-922D-28C6C9EBA49A}.MinSizeRel|Win32.Build.0 = MinSizeRel|Win32
		{DFC364A2-E49F-3A49-922D-28C6C9EBA49A}.RelWithDebInfo|Win32.ActiveCfg = RelWithDebInfo|Win32
		{DFC364A2-E49F-3A49-922D-28C6C9EBA49A}.RelWithDebInfo|Win32.Build.0 = RelWithDebInfo|Win32
		{1D797E43-35BC-323E-98D5-439F36D25E23}.Debug|Win32.ActiveCfg = Debug|Win32
		{1D797E43-35BC-323E-98D5-439F36D25E23}.Debug|Win32.Build.0 = Debug|Win32
		{1D797E43-35BC-323E-98D5-439F36D25E23}.Release|Win32.ActiveCfg = Release|Win32
		{1D797E43-35BC-323E-98D5-439F36D25E23}.Release|Win32.Build.0 = Release|Win32
		{1D797E43-35BC-323E-98D5-439F36D25E23}.MinSizeRel|Win32.ActiveCfg = MinSizeRel|Win32
		{1D797E43-35BC-323E-98D5-439F36D25E23}.MinSizeRel|Win32.Build.0 = MinSizeRel|Win32
		{1D797E43-35BC-323E-98D5-439F36D25E23}.RelWithDebInfo|Win32.ActiveCfg = RelWithDebInfo|Win32
		{1D797E43-35BC-323E-98D5-439F36D25E23}.RelWithDebInfo|Win32.Build.0 = RelWithDebInfo|Win32
		{75AABCF1-42E5-3B83-84CD-063F68DAB006}.Debug|Win32.ActiveCfg = Debug|Win32
		{75AABCF1-42E5-3B83-84CD-063F68DAB006}.Debug|Win32.Build.0 = Debug|Win32
		{75AABCF1-42E5-3B83-84CD-063F68DAB006}.Release|Win32.ActiveCfg = Release|Win32
		{75AABCF1-42E5-3B83-84CD-063F68DAB006}.Release|Win32.Build.0 = Release|Win32
		{75AABCF1-42E5-3B83-84CD-063F68DAB006}.MinSizeRel|Win32.ActiveCfg = MinSizeRel|Win32
		{75AABCF1-42E5-3B83-84CD-063F68DAB006}.MinSizeRel|Win32.Build.0 = MinSizeRel|Win32
		{75AABCF1-42E5-3B83-84CD-063F68DAB006}.RelWithDebInfo|Win32.ActiveCfg = RelWithDebInfo|Win32
		{75AABCF1-42E5-3B83-84CD-063F68DAB006}.RelWithDebInfo|Win32.Build.0 = RelWithDebInfo|Win32
		{ADBBC968-67A9-3C87-84FA-241091EFE121}.Debug|Win32.ActiveCfg = Debug|Win32
		{ADBBC968-67A9-3C87-84FA-241091EFE121}.Debug|Win32.Build.0 = Debug|Win32
		{ADBBC968-67A9-3C87-84FA-241091EFE121}.Release|Win32.ActiveCfg = Release|Win32
		{ADBBC968-67A9-3C87-84FA-241091EFE121}.Release|Win32.Build.0 = Release|Win32
		{ADBBC968-67A9-3C87-84FA-241091EFE121}.MinSizeRel|Win32.ActiveCfg = MinSizeRel|Win32
		{ADBBC968-67A9-3C87-84FA-241091EFE121}.MinSizeRel|Win32.Build.0 = MinSizeRel|Win32
		{ADBBC968-67A9-3C87-84FA-241091EFE121}.RelWithDebInfo|Win32.ActiveCfg = RelWithDebInfo|Win32
		{ADBBC968-67A9-3C87-84FA-241091EFE121}.RelWithDebInfo|Win32.Build.0 = RelWithDebInfo|Win32
	EndGlobalSection
	GlobalSection(ExtensibilityGlobals) = postSolution
		SolutionGuid = {015AC2A8-691E-3B4D-84D3-36B0FDBB7C11}
	EndGlobalSection
	GlobalSection(ExtensibilityAddIns) = postSolution
	EndGlobalSection
EndGlobal
