
Microsoft Visual Studio Solution File, Format Version 12.00
# Visual Studio Version 16
Project("{8BC9CEB8-8B4A-11D0-8D11-00A0C91BC942}") = "ALL_BUILD", "ALL_BUILD.vcxproj", "{4AA1F5BD-2F74-398C-BAB2-C996B6A88B02}"
	ProjectSection(ProjectDependencies) = postProject
		{18861E68-9FB3-33FC-B166-1B67DD1135F7} = {18861E68-9FB3-33FC-B166-1B67DD1135F7}
		{86539B01-5E08-3ED1-A191-627928C13377} = {86539B01-5E08-3ED1-A191-627928C13377}
		{475D0A3B-590B-32A8-BB4F-47276DCCFCD9} = {475D0A3B-590B-32A8-BB4F-47276DCCFCD9}
		{FF54E247-3B4E-341E-89FB-3B1FF23F1BE0} = {FF54E247-3B4E-341E-89FB-3B1FF23F1BE0}
		{566849C2-7B67-3F14-B441-77FA4FB234AA} = {566849C2-7B67-3F14-B441-77FA4FB234AA}
		{DA1220ED-9111-3ECD-92C4-79EDC00BCAE1} = {DA1220ED-9111-3ECD-92C4-79EDC00BCAE1}
		{24AEA680-0E92-3F92-A350-F2B89F3A93F2} = {24AEA680-0E92-3F92-A350-F2B89F3A93F2}
		{92227F34-EC24-3211-BD08-4CAD03943C82} = {92227F34-EC24-3211-BD08-4CAD03943C82}
		{A52A5CF7-C33F-389C-BB78-0C8EC2D91415} = {A52A5CF7-C33F-389C-BB78-0C8EC2D91415}
		{86350709-08F2-32C6-8FFD-64F19E472312} = {86350709-08F2-32C6-8FFD-64F19E472312}
		{24E847F0-66E1-3704-8B27-65CB128E1886} = {24E847F0-66E1-3704-8B27-65CB128E1886}
		{A252D3F6-C94C-394B-B638-D255D5BC0E43} = {A252D3F6-C94C-394B-B638-D255D5BC0E43}
		{831D502D-E7E1-3160-AC57-11E81783B5AD} = {831D502D-E7E1-3160-AC57-11E81783B5AD}
		{9C1E6FC6-0190-32D3-AEAF-EDA84B860E08} = {9C1E6FC6-0190-32D3-AEAF-EDA84B860E08}
		{E948C7F0-4EAA-3318-BDCE-A36AAC77048E} = {E948C7F0-4EAA-3318-BDCE-A36AAC77048E}
		{60BD6603-7882-316B-B0C6-3D48401382B8} = {60BD6603-7882-316B-B0C6-3D48401382B8}
		{633B8859-34C7-3E26-9EA7-E613DA67D9EF} = {633B8859-34C7-3E26-9EA7-E613DA67D9EF}
		{0EE2BA10-2B22-34E1-BA65-F6D59DF94420} = {0EE2BA10-2B22-34E1-BA65-F6D59DF94420}
		{FCF9E63D-5C3D-3BFC-90CC-7FA055E586CE} = {FCF9E63D-5C3D-3BFC-90CC-7FA055E586CE}
		{AF85EB3C-E0CD-3512-A0A9-8365009F9477} = {AF85EB3C-E0CD-3512-A0A9-8365009F9477}
		{A3240121-AFF9-3110-BF04-4F8C3A391662} = {A3240121-AFF9-3110-BF04-4F8C3A391662}
		{579C6E1E-B6EC-3078-A32D-4DB2E6372C15} = {579C6E1E-B6EC-3078-A32D-4DB2E6372C15}
		{B6976687-431D-3996-937E-63977DD4F767} = {B6976687-431D-3996-937E-63977DD4F767}
		{2BA8DE03-048E-35BF-B33F-3323854AAACB} = {2BA8DE03-048E-35BF-B33F-3323854AAACB}
	EndProjectSection
EndProject
Project("{8BC9CEB8-8B4A-11D0-8D11-00A0C91BC942}") = "INSTALL", "INSTALL.vcxproj", "{687FDAE1-72CC-34FD-A534-17EF4505B0D9}"
	ProjectSection(ProjectDependencies) = postProject
		{4AA1F5BD-2F74-398C-BAB2-C996B6A88B02} = {4AA1F5BD-2F74-398C-BAB2-C996B6A88B02}
		{475D0A3B-590B-32A8-BB4F-47276DCCFCD9} = {475D0A3B-590B-32A8-BB4F-47276DCCFCD9}
	EndProjectSection
EndProject
Project("{8BC9CEB8-8B4A-11D0-8D11-00A0C91BC942}") = "MetaAudio", "MetaAudio.vcxproj", "{18861E68-9FB3-33FC-B166-1B67DD1135F7}"
	ProjectSection(ProjectDependencies) = postProject
		{86539B01-5E08-3ED1-A191-627928C13377} = {86539B01-5E08-3ED1-A191-627928C13377}
		{475D0A3B-590B-32A8-BB4F-47276DCCFCD9} = {475D0A3B-590B-32A8-BB4F-47276DCCFCD9}
		{A3240121-AFF9-3110-BF04-4F8C3A391662} = {A3240121-AFF9-3110-BF04-4F8C3A391662}
	EndProjectSection
EndProject
Project("{8BC9CEB8-8B4A-11D0-8D11-00A0C91BC942}") = "OpenAL", "externals\openal-soft\OpenAL.vcxproj", "{86539B01-5E08-3ED1-A191-627928C13377}"
	ProjectSection(ProjectDependencies) = postProject
		{475D0A3B-590B-32A8-BB4F-47276DCCFCD9} = {475D0A3B-590B-32A8-BB4F-47276DCCFCD9}
		{E96A34D6-EA67-3184-9AFF-D295B0B65F99} = {E96A34D6-EA67-3184-9AFF-D295B0B65F99}
		{603E0A31-86FC-3B3A-A8DA-4DD55411981D} = {603E0A31-86FC-3B3A-A8DA-4DD55411981D}
	EndProjectSection
EndProject
Project("{8BC9CEB8-8B4A-11D0-8D11-00A0C91BC942}") = "ZERO_CHECK", "ZERO_CHECK.vcxproj", "{475D0A3B-590B-32A8-BB4F-47276DCCFCD9}"
	ProjectSection(ProjectDependencies) = postProject
	EndProjectSection
EndProject
Project("{8BC9CEB8-8B4A-11D0-8D11-00A0C91BC942}") = "alconvolve", "externals\openal-soft\alconvolve.vcxproj", "{FF54E247-3B4E-341E-89FB-3B1FF23F1BE0}"
	ProjectSection(ProjectDependencies) = postProject
		{86539B01-5E08-3ED1-A191-627928C13377} = {86539B01-5E08-3ED1-A191-627928C13377}
		{475D0A3B-590B-32A8-BB4F-47276DCCFCD9} = {475D0A3B-590B-32A8-BB4F-47276DCCFCD9}
		{603E0A31-86FC-3B3A-A8DA-4DD55411981D} = {603E0A31-86FC-3B3A-A8DA-4DD55411981D}
		{3BC51655-2E41-3916-908A-25DE7129174E} = {3BC51655-2E41-3916-908A-25DE7129174E}
	EndProjectSection
EndProject
Project("{8BC9CEB8-8B4A-11D0-8D11-00A0C91BC942}") = "alhrtf", "externals\openal-soft\alhrtf.vcxproj", "{566849C2-7B67-3F14-B441-77FA4FB234AA}"
	ProjectSection(ProjectDependencies) = postProject
		{86539B01-5E08-3ED1-A191-627928C13377} = {86539B01-5E08-3ED1-A191-627928C13377}
		{475D0A3B-590B-32A8-BB4F-47276DCCFCD9} = {475D0A3B-590B-32A8-BB4F-47276DCCFCD9}
		{3BC51655-2E41-3916-908A-25DE7129174E} = {3BC51655-2E41-3916-908A-25DE7129174E}
	EndProjectSection
EndProject
Project("{8BC9CEB8-8B4A-11D0-8D11-00A0C91BC942}") = "allatency", "externals\openal-soft\allatency.vcxproj", "{DA1220ED-9111-3ECD-92C4-79EDC00BCAE1}"
	ProjectSection(ProjectDependencies) = postProject
		{86539B01-5E08-3ED1-A191-627928C13377} = {86539B01-5E08-3ED1-A191-627928C13377}
		{475D0A3B-590B-32A8-BB4F-47276DCCFCD9} = {475D0A3B-590B-32A8-BB4F-47276DCCFCD9}
		{3BC51655-2E41-3916-908A-25DE7129174E} = {3BC51655-2E41-3916-908A-25DE7129174E}
	EndProjectSection
EndProject
Project("{8BC9CEB8-8B4A-11D0-8D11-00A0C91BC942}") = "alloopback", "externals\openal-soft\alloopback.vcxproj", "{24AEA680-0E92-3F92-A350-F2B89F3A93F2}"
	ProjectSection(ProjectDependencies) = postProject
		{86539B01-5E08-3ED1-A191-627928C13377} = {86539B01-5E08-3ED1-A191-627928C13377}
		{475D0A3B-590B-32A8-BB4F-47276DCCFCD9} = {475D0A3B-590B-32A8-BB4F-47276DCCFCD9}
		{3BC51655-2E41-3916-908A-25DE7129174E} = {3BC51655-2E41-3916-908A-25DE7129174E}
	EndProjectSection
EndProject
Project("{8BC9CEB8-8B4A-11D0-8D11-00A0C91BC942}") = "almultireverb", "externals\openal-soft\almultireverb.vcxproj", "{92227F34-EC24-3211-BD08-4CAD03943C82}"
	ProjectSection(ProjectDependencies) = postProject
		{86539B01-5E08-3ED1-A191-627928C13377} = {86539B01-5E08-3ED1-A191-627928C13377}
		{475D0A3B-590B-32A8-BB4F-47276DCCFCD9} = {475D0A3B-590B-32A8-BB4F-47276DCCFCD9}
		{3BC51655-2E41-3916-908A-25DE7129174E} = {3BC51655-2E41-3916-908A-25DE7129174E}
	EndProjectSection
EndProject
Project("{8BC9CEB8-8B4A-11D0-8D11-00A0C91BC942}") = "alplay", "externals\openal-soft\alplay.vcxproj", "{A52A5CF7-C33F-389C-BB78-0C8EC2D91415}"
	ProjectSection(ProjectDependencies) = postProject
		{86539B01-5E08-3ED1-A191-627928C13377} = {86539B01-5E08-3ED1-A191-627928C13377}
		{475D0A3B-590B-32A8-BB4F-47276DCCFCD9} = {475D0A3B-590B-32A8-BB4F-47276DCCFCD9}
		{3BC51655-2E41-3916-908A-25DE7129174E} = {3BC51655-2E41-3916-908A-25DE7129174E}
	EndProjectSection
EndProject
Project("{8BC9CEB8-8B4A-11D0-8D11-00A0C91BC942}") = "alrecord", "externals\openal-soft\alrecord.vcxproj", "{86350709-08F2-32C6-8FFD-64F19E472312}"
	ProjectSection(ProjectDependencies) = postProject
		{86539B01-5E08-3ED1-A191-627928C13377} = {86539B01-5E08-3ED1-A191-627928C13377}
		{475D0A3B-590B-32A8-BB4F-47276DCCFCD9} = {475D0A3B-590B-32A8-BB4F-47276DCCFCD9}
		{3BC51655-2E41-3916-908A-25DE7129174E} = {3BC51655-2E41-3916-908A-25DE7129174E}
	EndProjectSection
EndProject
Project("{8BC9CEB8-8B4A-11D0-8D11-00A0C91BC942}") = "alreverb", "externals\openal-soft\alreverb.vcxproj", "{24E847F0-66E1-3704-8B27-65CB128E1886}"
	ProjectSection(ProjectDependencies) = postProject
		{86539B01-5E08-3ED1-A191-627928C13377} = {86539B01-5E08-3ED1-A191-627928C13377}
		{475D0A3B-590B-32A8-BB4F-47276DCCFCD9} = {475D0A3B-590B-32A8-BB4F-47276DCCFCD9}
		{3BC51655-2E41-3916-908A-25DE7129174E} = {3BC51655-2E41-3916-908A-25DE7129174E}
	EndProjectSection
EndProject
Project("{8BC9CEB8-8B4A-11D0-8D11-00A0C91BC942}") = "alstream", "externals\openal-soft\alstream.vcxproj", "{A252D3F6-C94C-394B-B638-D255D5BC0E43}"
	ProjectSection(ProjectDependencies) = postProject
		{86539B01-5E08-3ED1-A191-627928C13377} = {86539B01-5E08-3ED1-A191-627928C13377}
		{475D0A3B-590B-32A8-BB4F-47276DCCFCD9} = {475D0A3B-590B-32A8-BB4F-47276DCCFCD9}
		{3BC51655-2E41-3916-908A-25DE7129174E} = {3BC51655-2E41-3916-908A-25DE7129174E}
	EndProjectSection
EndProject
Project("{8BC9CEB8-8B4A-11D0-8D11-00A0C91BC942}") = "alstreamcb", "externals\openal-soft\alstreamcb.vcxproj", "{831D502D-E7E1-3160-AC57-11E81783B5AD}"
	ProjectSection(ProjectDependencies) = postProject
		{86539B01-5E08-3ED1-A191-627928C13377} = {86539B01-5E08-3ED1-A191-627928C13377}
		{475D0A3B-590B-32A8-BB4F-47276DCCFCD9} = {475D0A3B-590B-32A8-BB4F-47276DCCFCD9}
		{3BC51655-2E41-3916-908A-25DE7129174E} = {3BC51655-2E41-3916-908A-25DE7129174E}
	EndProjectSection
EndProject
Project("{8BC9CEB8-8B4A-11D0-8D11-00A0C91BC942}") = "altonegen", "externals\openal-soft\altonegen.vcxproj", "{9C1E6FC6-0190-32D3-AEAF-EDA84B860E08}"
	ProjectSection(ProjectDependencies) = postProject
		{86539B01-5E08-3ED1-A191-627928C13377} = {86539B01-5E08-3ED1-A191-627928C13377}
		{475D0A3B-590B-32A8-BB4F-47276DCCFCD9} = {475D0A3B-590B-32A8-BB4F-47276DCCFCD9}
		{3BC51655-2E41-3916-908A-25DE7129174E} = {3BC51655-2E41-3916-908A-25DE7129174E}
	EndProjectSection
EndProject
Project("{8BC9CEB8-8B4A-11D0-8D11-00A0C91BC942}") = "alure-enum", "externals\alure\alure-enum.vcxproj", "{E948C7F0-4EAA-3318-BDCE-A36AAC77048E}"
	ProjectSection(ProjectDependencies) = postProject
		{475D0A3B-590B-32A8-BB4F-47276DCCFCD9} = {475D0A3B-590B-32A8-BB4F-47276DCCFCD9}
		{A3240121-AFF9-3110-BF04-4F8C3A391662} = {A3240121-AFF9-3110-BF04-4F8C3A391662}
	EndProjectSection
EndProject
Project("{8BC9CEB8-8B4A-11D0-8D11-00A0C91BC942}") = "alure-hrtf", "externals\alure\alure-hrtf.vcxproj", "{60BD6603-7882-316B-B0C6-3D48401382B8}"
	ProjectSection(ProjectDependencies) = postProject
		{475D0A3B-590B-32A8-BB4F-47276DCCFCD9} = {475D0A3B-590B-32A8-BB4F-47276DCCFCD9}
		{A3240121-AFF9-3110-BF04-4F8C3A391662} = {A3240121-AFF9-3110-BF04-4F8C3A391662}
	EndProjectSection
EndProject
Project("{8BC9CEB8-8B4A-11D0-8D11-00A0C91BC942}") = "alure-play", "externals\alure\alure-play.vcxproj", "{633B8859-34C7-3E26-9EA7-E613DA67D9EF}"
	ProjectSection(ProjectDependencies) = postProject
		{475D0A3B-590B-32A8-BB4F-47276DCCFCD9} = {475D0A3B-590B-32A8-BB4F-47276DCCFCD9}
		{A3240121-AFF9-3110-BF04-4F8C3A391662} = {A3240121-AFF9-3110-BF04-4F8C3A391662}
	EndProjectSection
EndProject
Project("{8BC9CEB8-8B4A-11D0-8D11-00A0C91BC942}") = "alure-play3d", "externals\alure\alure-play3d.vcxproj", "{0EE2BA10-2B22-34E1-BA65-F6D59DF94420}"
	ProjectSection(ProjectDependencies) = postProject
		{475D0A3B-590B-32A8-BB4F-47276DCCFCD9} = {475D0A3B-590B-32A8-BB4F-47276DCCFCD9}
		{A3240121-AFF9-3110-BF04-4F8C3A391662} = {A3240121-AFF9-3110-BF04-4F8C3A391662}
	EndProjectSection
EndProject
Project("{8BC9CEB8-8B4A-11D0-8D11-00A0C91BC942}") = "alure-reverb", "externals\alure\alure-reverb.vcxproj", "{FCF9E63D-5C3D-3BFC-90CC-7FA055E586CE}"
	ProjectSection(ProjectDependencies) = postProject
		{475D0A3B-590B-32A8-BB4F-47276DCCFCD9} = {475D0A3B-590B-32A8-BB4F-47276DCCFCD9}
		{A3240121-AFF9-3110-BF04-4F8C3A391662} = {A3240121-AFF9-3110-BF04-4F8C3A391662}
	EndProjectSection
EndProject
Project("{8BC9CEB8-8B4A-11D0-8D11-00A0C91BC942}") = "alure-stream", "externals\alure\alure-stream.vcxproj", "{AF85EB3C-E0CD-3512-A0A9-8365009F9477}"
	ProjectSection(ProjectDependencies) = postProject
		{475D0A3B-590B-32A8-BB4F-47276DCCFCD9} = {475D0A3B-590B-32A8-BB4F-47276DCCFCD9}
		{A3240121-AFF9-3110-BF04-4F8C3A391662} = {A3240121-AFF9-3110-BF04-4F8C3A391662}
	EndProjectSection
EndProject
Project("{8BC9CEB8-8B4A-11D0-8D11-00A0C91BC942}") = "alure2", "externals\alure\alure2.vcxproj", "{A3240121-AFF9-3110-BF04-4F8C3A391662}"
	ProjectSection(ProjectDependencies) = postProject
		{475D0A3B-590B-32A8-BB4F-47276DCCFCD9} = {475D0A3B-590B-32A8-BB4F-47276DCCFCD9}
	EndProjectSection
EndProject
Project("{8BC9CEB8-8B4A-11D0-8D11-00A0C91BC942}") = "alure2_s", "externals\alure\alure2_s.vcxproj", "{579C6E1E-B6EC-3078-A32D-4DB2E6372C15}"
	ProjectSection(ProjectDependencies) = postProject
		{475D0A3B-590B-32A8-BB4F-47276DCCFCD9} = {475D0A3B-590B-32A8-BB4F-47276DCCFCD9}
	EndProjectSection
EndProject
Project("{8BC9CEB8-8B4A-11D0-8D11-00A0C91BC942}") = "build_version", "externals\openal-soft\build_version.vcxproj", "{E96A34D6-EA67-3184-9AFF-D295B0B65F99}"
	ProjectSection(ProjectDependencies) = postProject
		{475D0A3B-590B-32A8-BB4F-47276DCCFCD9} = {475D0A3B-590B-32A8-BB4F-47276DCCFCD9}
	EndProjectSection
EndProject
Project("{8BC9CEB8-8B4A-11D0-8D11-00A0C91BC942}") = "common", "externals\openal-soft\common.vcxproj", "{603E0A31-86FC-3B3A-A8DA-4DD55411981D}"
	ProjectSection(ProjectDependencies) = postProject
		{475D0A3B-590B-32A8-BB4F-47276DCCFCD9} = {475D0A3B-590B-32A8-BB4F-47276DCCFCD9}
	EndProjectSection
EndProject
Project("{8BC9CEB8-8B4A-11D0-8D11-00A0C91BC942}") = "ex-common", "externals\openal-soft\ex-common.vcxproj", "{3BC51655-2E41-3916-908A-25DE7129174E}"
	ProjectSection(ProjectDependencies) = postProject
		{86539B01-5E08-3ED1-A191-627928C13377} = {86539B01-5E08-3ED1-A191-627928C13377}
		{475D0A3B-590B-32A8-BB4F-47276DCCFCD9} = {475D0A3B-590B-32A8-BB4F-47276DCCFCD9}
	EndProjectSection
EndProject
Project("{8BC9CEB8-8B4A-11D0-8D11-00A0C91BC942}") = "metahook", "externals\metahook\metahook.vcxproj", "{B6976687-431D-3996-937E-63977DD4F767}"
	ProjectSection(ProjectDependencies) = postProject
		{475D0A3B-590B-32A8-BB4F-47276DCCFCD9} = {475D0A3B-590B-32A8-BB4F-47276DCCFCD9}
	EndProjectSection
EndProject
Project("{8BC9CEB8-8B4A-11D0-8D11-00A0C91BC942}") = "openal-info", "externals\openal-soft\openal-info.vcxproj", "{2BA8DE03-048E-35BF-B33F-3323854AAACB}"
	ProjectSection(ProjectDependencies) = postProject
		{86539B01-5E08-3ED1-A191-627928C13377} = {86539B01-5E08-3ED1-A191-627928C13377}
		{475D0A3B-590B-32A8-BB4F-47276DCCFCD9} = {475D0A3B-590B-32A8-BB4F-47276DCCFCD9}
	EndProjectSection
EndProject
Global
	GlobalSection(SolutionConfigurationPlatforms) = preSolution
		Debug|Win32 = Debug|Win32
		Release|Win32 = Release|Win32
		MinSizeRel|Win32 = MinSizeRel|Win32
		RelWithDebInfo|Win32 = RelWithDebInfo|Win32
	EndGlobalSection
	GlobalSection(ProjectConfigurationPlatforms) = postSolution
		{4AA1F5BD-2F74-398C-BAB2-C996B6A88B02}.Debug|Win32.ActiveCfg = Debug|Win32
		{4AA1F5BD-2F74-398C-BAB2-C996B6A88B02}.Debug|Win32.Build.0 = Debug|Win32
		{4AA1F5BD-2F74-398C-BAB2-C996B6A88B02}.Release|Win32.ActiveCfg = Release|Win32
		{4AA1F5BD-2F74-398C-BAB2-C996B6A88B02}.Release|Win32.Build.0 = Release|Win32
		{4AA1F5BD-2F74-398C-BAB2-C996B6A88B02}.MinSizeRel|Win32.ActiveCfg = MinSizeRel|Win32
		{4AA1F5BD-2F74-398C-BAB2-C996B6A88B02}.MinSizeRel|Win32.Build.0 = MinSizeRel|Win32
		{4AA1F5BD-2F74-398C-BAB2-C996B6A88B02}.RelWithDebInfo|Win32.ActiveCfg = RelWithDebInfo|Win32
		{4AA1F5BD-2F74-398C-BAB2-C996B6A88B02}.RelWithDebInfo|Win32.Build.0 = RelWithDebInfo|Win32
		{687FDAE1-72CC-34FD-A534-17EF4505B0D9}.Debug|Win32.ActiveCfg = Debug|Win32
		{687FDAE1-72CC-34FD-A534-17EF4505B0D9}.Release|Win32.ActiveCfg = Release|Win32
		{687FDAE1-72CC-34FD-A534-17EF4505B0D9}.MinSizeRel|Win32.ActiveCfg = MinSizeRel|Win32
		{687FDAE1-72CC-34FD-A534-17EF4505B0D9}.RelWithDebInfo|Win32.ActiveCfg = RelWithDebInfo|Win32
		{18861E68-9FB3-33FC-B166-1B67DD1135F7}.Debug|Win32.ActiveCfg = Debug|Win32
		{18861E68-9FB3-33FC-B166-1B67DD1135F7}.Debug|Win32.Build.0 = Debug|Win32
		{18861E68-9FB3-33FC-B166-1B67DD1135F7}.Release|Win32.ActiveCfg = Release|Win32
		{18861E68-9FB3-33FC-B166-1B67DD1135F7}.Release|Win32.Build.0 = Release|Win32
		{18861E68-9FB3-33FC-B166-1B67DD1135F7}.MinSizeRel|Win32.ActiveCfg = MinSizeRel|Win32
		{18861E68-9FB3-33FC-B166-1B67DD1135F7}.MinSizeRel|Win32.Build.0 = MinSizeRel|Win32
		{18861E68-9FB3-33FC-B166-1B67DD1135F7}.RelWithDebInfo|Win32.ActiveCfg = RelWithDebInfo|Win32
		{18861E68-9FB3-33FC-B166-1B67DD1135F7}.RelWithDebInfo|Win32.Build.0 = RelWithDebInfo|Win32
		{86539B01-5E08-3ED1-A191-627928C13377}.Debug|Win32.ActiveCfg = Debug|Win32
		{86539B01-5E08-3ED1-A191-627928C13377}.Debug|Win32.Build.0 = Debug|Win32
		{86539B01-5E08-3ED1-A191-627928C13377}.Release|Win32.ActiveCfg = Release|Win32
		{86539B01-5E08-3ED1-A191-627928C13377}.Release|Win32.Build.0 = Release|Win32
		{86539B01-5E08-3ED1-A191-627928C13377}.MinSizeRel|Win32.ActiveCfg = MinSizeRel|Win32
		{86539B01-5E08-3ED1-A191-627928C13377}.MinSizeRel|Win32.Build.0 = MinSizeRel|Win32
		{86539B01-5E08-3ED1-A191-627928C13377}.RelWithDebInfo|Win32.ActiveCfg = RelWithDebInfo|Win32
		{86539B01-5E08-3ED1-A191-627928C13377}.RelWithDebInfo|Win32.Build.0 = RelWithDebInfo|Win32
		{475D0A3B-590B-32A8-BB4F-47276DCCFCD9}.Debug|Win32.ActiveCfg = Debug|Win32
		{475D0A3B-590B-32A8-BB4F-47276DCCFCD9}.Debug|Win32.Build.0 = Debug|Win32
		{475D0A3B-590B-32A8-BB4F-47276DCCFCD9}.Release|Win32.ActiveCfg = Release|Win32
		{475D0A3B-590B-32A8-BB4F-47276DCCFCD9}.Release|Win32.Build.0 = Release|Win32
		{475D0A3B-590B-32A8-BB4F-47276DCCFCD9}.MinSizeRel|Win32.ActiveCfg = MinSizeRel|Win32
		{475D0A3B-590B-32A8-BB4F-47276DCCFCD9}.MinSizeRel|Win32.Build.0 = MinSizeRel|Win32
		{475D0A3B-590B-32A8-BB4F-47276DCCFCD9}.RelWithDebInfo|Win32.ActiveCfg = RelWithDebInfo|Win32
		{475D0A3B-590B-32A8-BB4F-47276DCCFCD9}.RelWithDebInfo|Win32.Build.0 = RelWithDebInfo|Win32
		{FF54E247-3B4E-341E-89FB-3B1FF23F1BE0}.Debug|Win32.ActiveCfg = Debug|Win32
		{FF54E247-3B4E-341E-89FB-3B1FF23F1BE0}.Debug|Win32.Build.0 = Debug|Win32
		{FF54E247-3B4E-341E-89FB-3B1FF23F1BE0}.Release|Win32.ActiveCfg = Release|Win32
		{FF54E247-3B4E-341E-89FB-3B1FF23F1BE0}.Release|Win32.Build.0 = Release|Win32
		{FF54E247-3B4E-341E-89FB-3B1FF23F1BE0}.MinSizeRel|Win32.ActiveCfg = MinSizeRel|Win32
		{FF54E247-3B4E-341E-89FB-3B1FF23F1BE0}.MinSizeRel|Win32.Build.0 = MinSizeRel|Win32
		{FF54E247-3B4E-341E-89FB-3B1FF23F1BE0}.RelWithDebInfo|Win32.ActiveCfg = RelWithDebInfo|Win32
		{FF54E247-3B4E-341E-89FB-3B1FF23F1BE0}.RelWithDebInfo|Win32.Build.0 = RelWithDebInfo|Win32
		{566849C2-7B67-3F14-B441-77FA4FB234AA}.Debug|Win32.ActiveCfg = Debug|Win32
		{566849C2-7B67-3F14-B441-77FA4FB234AA}.Debug|Win32.Build.0 = Debug|Win32
		{566849C2-7B67-3F14-B441-77FA4FB234AA}.Release|Win32.ActiveCfg = Release|Win32
		{566849C2-7B67-3F14-B441-77FA4FB234AA}.Release|Win32.Build.0 = Release|Win32
		{566849C2-7B67-3F14-B441-77FA4FB234AA}.MinSizeRel|Win32.ActiveCfg = MinSizeRel|Win32
		{566849C2-7B67-3F14-B441-77FA4FB234AA}.MinSizeRel|Win32.Build.0 = MinSizeRel|Win32
		{566849C2-7B67-3F14-B441-77FA4FB234AA}.RelWithDebInfo|Win32.ActiveCfg = RelWithDebInfo|Win32
		{566849C2-7B67-3F14-B441-77FA4FB234AA}.RelWithDebInfo|Win32.Build.0 = RelWithDebInfo|Win32
		{DA1220ED-9111-3ECD-92C4-79EDC00BCAE1}.Debug|Win32.ActiveCfg = Debug|Win32
		{DA1220ED-9111-3ECD-92C4-79EDC00BCAE1}.Debug|Win32.Build.0 = Debug|Win32
		{DA1220ED-9111-3ECD-92C4-79EDC00BCAE1}.Release|Win32.ActiveCfg = Release|Win32
		{DA1220ED-9111-3ECD-92C4-79EDC00BCAE1}.Release|Win32.Build.0 = Release|Win32
		{DA1220ED-9111-3ECD-92C4-79EDC00BCAE1}.MinSizeRel|Win32.ActiveCfg = MinSizeRel|Win32
		{DA1220ED-9111-3ECD-92C4-79EDC00BCAE1}.MinSizeRel|Win32.Build.0 = MinSizeRel|Win32
		{DA1220ED-9111-3ECD-92C4-79EDC00BCAE1}.RelWithDebInfo|Win32.ActiveCfg = RelWithDebInfo|Win32
		{DA1220ED-9111-3ECD-92C4-79EDC00BCAE1}.RelWithDebInfo|Win32.Build.0 = RelWithDebInfo|Win32
		{24AEA680-0E92-3F92-A350-F2B89F3A93F2}.Debug|Win32.ActiveCfg = Debug|Win32
		{24AEA680-0E92-3F92-A350-F2B89F3A93F2}.Debug|Win32.Build.0 = Debug|Win32
		{24AEA680-0E92-3F92-A350-F2B89F3A93F2}.Release|Win32.ActiveCfg = Release|Win32
		{24AEA680-0E92-3F92-A350-F2B89F3A93F2}.Release|Win32.Build.0 = Release|Win32
		{24AEA680-0E92-3F92-A350-F2B89F3A93F2}.MinSizeRel|Win32.ActiveCfg = MinSizeRel|Win32
		{24AEA680-0E92-3F92-A350-F2B89F3A93F2}.MinSizeRel|Win32.Build.0 = MinSizeRel|Win32
		{24AEA680-0E92-3F92-A350-F2B89F3A93F2}.RelWithDebInfo|Win32.ActiveCfg = RelWithDebInfo|Win32
		{24AEA680-0E92-3F92-A350-F2B89F3A93F2}.RelWithDebInfo|Win32.Build.0 = RelWithDebInfo|Win32
		{92227F34-EC24-3211-BD08-4CAD03943C82}.Debug|Win32.ActiveCfg = Debug|Win32
		{92227F34-EC24-3211-BD08-4CAD03943C82}.Debug|Win32.Build.0 = Debug|Win32
		{92227F34-EC24-3211-BD08-4CAD03943C82}.Release|Win32.ActiveCfg = Release|Win32
		{92227F34-EC24-3211-BD08-4CAD03943C82}.Release|Win32.Build.0 = Release|Win32
		{92227F34-EC24-3211-BD08-4CAD03943C82}.MinSizeRel|Win32.ActiveCfg = MinSizeRel|Win32
		{92227F34-EC24-3211-BD08-4CAD03943C82}.MinSizeRel|Win32.Build.0 = MinSizeRel|Win32
		{92227F34-EC24-3211-BD08-4CAD03943C82}.RelWithDebInfo|Win32.ActiveCfg = RelWithDebInfo|Win32
		{92227F34-EC24-3211-BD08-4CAD03943C82}.RelWithDebInfo|Win32.Build.0 = RelWithDebInfo|Win32
		{A52A5CF7-C33F-389C-BB78-0C8EC2D91415}.Debug|Win32.ActiveCfg = Debug|Win32
		{A52A5CF7-C33F-389C-BB78-0C8EC2D91415}.Debug|Win32.Build.0 = Debug|Win32
		{A52A5CF7-C33F-389C-BB78-0C8EC2D91415}.Release|Win32.ActiveCfg = Release|Win32
		{A52A5CF7-C33F-389C-BB78-0C8EC2D91415}.Release|Win32.Build.0 = Release|Win32
		{A52A5CF7-C33F-389C-BB78-0C8EC2D91415}.MinSizeRel|Win32.ActiveCfg = MinSizeRel|Win32
		{A52A5CF7-C33F-389C-BB78-0C8EC2D91415}.MinSizeRel|Win32.Build.0 = MinSizeRel|Win32
		{A52A5CF7-C33F-389C-BB78-0C8EC2D91415}.RelWithDebInfo|Win32.ActiveCfg = RelWithDebInfo|Win32
		{A52A5CF7-C33F-389C-BB78-0C8EC2D91415}.RelWithDebInfo|Win32.Build.0 = RelWithDebInfo|Win32
		{86350709-08F2-32C6-8FFD-64F19E472312}.Debug|Win32.ActiveCfg = Debug|Win32
		{86350709-08F2-32C6-8FFD-64F19E472312}.Debug|Win32.Build.0 = Debug|Win32
		{86350709-08F2-32C6-8FFD-64F19E472312}.Release|Win32.ActiveCfg = Release|Win32
		{86350709-08F2-32C6-8FFD-64F19E472312}.Release|Win32.Build.0 = Release|Win32
		{86350709-08F2-32C6-8FFD-64F19E472312}.MinSizeRel|Win32.ActiveCfg = MinSizeRel|Win32
		{86350709-08F2-32C6-8FFD-64F19E472312}.MinSizeRel|Win32.Build.0 = MinSizeRel|Win32
		{86350709-08F2-32C6-8FFD-64F19E472312}.RelWithDebInfo|Win32.ActiveCfg = RelWithDebInfo|Win32
		{86350709-08F2-32C6-8FFD-64F19E472312}.RelWithDebInfo|Win32.Build.0 = RelWithDebInfo|Win32
		{24E847F0-66E1-3704-8B27-65CB128E1886}.Debug|Win32.ActiveCfg = Debug|Win32
		{24E847F0-66E1-3704-8B27-65CB128E1886}.Debug|Win32.Build.0 = Debug|Win32
		{24E847F0-66E1-3704-8B27-65CB128E1886}.Release|Win32.ActiveCfg = Release|Win32
		{24E847F0-66E1-3704-8B27-65CB128E1886}.Release|Win32.Build.0 = Release|Win32
		{24E847F0-66E1-3704-8B27-65CB128E1886}.MinSizeRel|Win32.ActiveCfg = MinSizeRel|Win32
		{24E847F0-66E1-3704-8B27-65CB128E1886}.MinSizeRel|Win32.Build.0 = MinSizeRel|Win32
		{24E847F0-66E1-3704-8B27-65CB128E1886}.RelWithDebInfo|Win32.ActiveCfg = RelWithDebInfo|Win32
		{24E847F0-66E1-3704-8B27-65CB128E1886}.RelWithDebInfo|Win32.Build.0 = RelWithDebInfo|Win32
		{A252D3F6-C94C-394B-B638-D255D5BC0E43}.Debug|Win32.ActiveCfg = Debug|Win32
		{A252D3F6-C94C-394B-B638-D255D5BC0E43}.Debug|Win32.Build.0 = Debug|Win32
		{A252D3F6-C94C-394B-B638-D255D5BC0E43}.Release|Win32.ActiveCfg = Release|Win32
		{A252D3F6-C94C-394B-B638-D255D5BC0E43}.Release|Win32.Build.0 = Release|Win32
		{A252D3F6-C94C-394B-B638-D255D5BC0E43}.MinSizeRel|Win32.ActiveCfg = MinSizeRel|Win32
		{A252D3F6-C94C-394B-B638-D255D5BC0E43}.MinSizeRel|Win32.Build.0 = MinSizeRel|Win32
		{A252D3F6-C94C-394B-B638-D255D5BC0E43}.RelWithDebInfo|Win32.ActiveCfg = RelWithDebInfo|Win32
		{A252D3F6-C94C-394B-B638-D255D5BC0E43}.RelWithDebInfo|Win32.Build.0 = RelWithDebInfo|Win32
		{831D502D-E7E1-3160-AC57-11E81783B5AD}.Debug|Win32.ActiveCfg = Debug|Win32
		{831D502D-E7E1-3160-AC57-11E81783B5AD}.Debug|Win32.Build.0 = Debug|Win32
		{831D502D-E7E1-3160-AC57-11E81783B5AD}.Release|Win32.ActiveCfg = Release|Win32
		{831D502D-E7E1-3160-AC57-11E81783B5AD}.Release|Win32.Build.0 = Release|Win32
		{831D502D-E7E1-3160-AC57-11E81783B5AD}.MinSizeRel|Win32.ActiveCfg = MinSizeRel|Win32
		{831D502D-E7E1-3160-AC57-11E81783B5AD}.MinSizeRel|Win32.Build.0 = MinSizeRel|Win32
		{831D502D-E7E1-3160-AC57-11E81783B5AD}.RelWithDebInfo|Win32.ActiveCfg = RelWithDebInfo|Win32
		{831D502D-E7E1-3160-AC57-11E81783B5AD}.RelWithDebInfo|Win32.Build.0 = RelWithDebInfo|Win32
		{9C1E6FC6-0190-32D3-AEAF-EDA84B860E08}.Debug|Win32.ActiveCfg = Debug|Win32
		{9C1E6FC6-0190-32D3-AEAF-EDA84B860E08}.Debug|Win32.Build.0 = Debug|Win32
		{9C1E6FC6-0190-32D3-AEAF-EDA84B860E08}.Release|Win32.ActiveCfg = Release|Win32
		{9C1E6FC6-0190-32D3-AEAF-EDA84B860E08}.Release|Win32.Build.0 = Release|Win32
		{9C1E6FC6-0190-32D3-AEAF-EDA84B860E08}.MinSizeRel|Win32.ActiveCfg = MinSizeRel|Win32
		{9C1E6FC6-0190-32D3-AEAF-EDA84B860E08}.MinSizeRel|Win32.Build.0 = MinSizeRel|Win32
		{9C1E6FC6-0190-32D3-AEAF-EDA84B860E08}.RelWithDebInfo|Win32.ActiveCfg = RelWithDebInfo|Win32
		{9C1E6FC6-0190-32D3-AEAF-EDA84B860E08}.RelWithDebInfo|Win32.Build.0 = RelWithDebInfo|Win32
		{E948C7F0-4EAA-3318-BDCE-A36AAC77048E}.Debug|Win32.ActiveCfg = Debug|Win32
		{E948C7F0-4EAA-3318-BDCE-A36AAC77048E}.Debug|Win32.Build.0 = Debug|Win32
		{E948C7F0-4EAA-3318-BDCE-A36AAC77048E}.Release|Win32.ActiveCfg = Release|Win32
		{E948C7F0-4EAA-3318-BDCE-A36AAC77048E}.Release|Win32.Build.0 = Release|Win32
		{E948C7F0-4EAA-3318-BDCE-A36AAC77048E}.MinSizeRel|Win32.ActiveCfg = MinSizeRel|Win32
		{E948C7F0-4EAA-3318-BDCE-A36AAC77048E}.MinSizeRel|Win32.Build.0 = MinSizeRel|Win32
		{E948C7F0-4EAA-3318-BDCE-A36AAC77048E}.RelWithDebInfo|Win32.ActiveCfg = RelWithDebInfo|Win32
		{E948C7F0-4EAA-3318-BDCE-A36AAC77048E}.RelWithDebInfo|Win32.Build.0 = RelWithDebInfo|Win32
		{60BD6603-7882-316B-B0C6-3D48401382B8}.Debug|Win32.ActiveCfg = Debug|Win32
		{60BD6603-7882-316B-B0C6-3D48401382B8}.Debug|Win32.Build.0 = Debug|Win32
		{60BD6603-7882-316B-B0C6-3D48401382B8}.Release|Win32.ActiveCfg = Release|Win32
		{60BD6603-7882-316B-B0C6-3D48401382B8}.Release|Win32.Build.0 = Release|Win32
		{60BD6603-7882-316B-B0C6-3D48401382B8}.MinSizeRel|Win32.ActiveCfg = MinSizeRel|Win32
		{60BD6603-7882-316B-B0C6-3D48401382B8}.MinSizeRel|Win32.Build.0 = MinSizeRel|Win32
		{60BD6603-7882-316B-B0C6-3D48401382B8}.RelWithDebInfo|Win32.ActiveCfg = RelWithDebInfo|Win32
		{60BD6603-7882-316B-B0C6-3D48401382B8}.RelWithDebInfo|Win32.Build.0 = RelWithDebInfo|Win32
		{633B8859-34C7-3E26-9EA7-E613DA67D9EF}.Debug|Win32.ActiveCfg = Debug|Win32
		{633B8859-34C7-3E26-9EA7-E613DA67D9EF}.Debug|Win32.Build.0 = Debug|Win32
		{633B8859-34C7-3E26-9EA7-E613DA67D9EF}.Release|Win32.ActiveCfg = Release|Win32
		{633B8859-34C7-3E26-9EA7-E613DA67D9EF}.Release|Win32.Build.0 = Release|Win32
		{633B8859-34C7-3E26-9EA7-E613DA67D9EF}.MinSizeRel|Win32.ActiveCfg = MinSizeRel|Win32
		{633B8859-34C7-3E26-9EA7-E613DA67D9EF}.MinSizeRel|Win32.Build.0 = MinSizeRel|Win32
		{633B8859-34C7-3E26-9EA7-E613DA67D9EF}.RelWithDebInfo|Win32.ActiveCfg = RelWithDebInfo|Win32
		{633B8859-34C7-3E26-9EA7-E613DA67D9EF}.RelWithDebInfo|Win32.Build.0 = RelWithDebInfo|Win32
		{0EE2BA10-2B22-34E1-BA65-F6D59DF94420}.Debug|Win32.ActiveCfg = Debug|Win32
		{0EE2BA10-2B22-34E1-BA65-F6D59DF94420}.Debug|Win32.Build.0 = Debug|Win32
		{0EE2BA10-2B22-34E1-BA65-F6D59DF94420}.Release|Win32.ActiveCfg = Release|Win32
		{0EE2BA10-2B22-34E1-BA65-F6D59DF94420}.Release|Win32.Build.0 = Release|Win32
		{0EE2BA10-2B22-34E1-BA65-F6D59DF94420}.MinSizeRel|Win32.ActiveCfg = MinSizeRel|Win32
		{0EE2BA10-2B22-34E1-BA65-F6D59DF94420}.MinSizeRel|Win32.Build.0 = MinSizeRel|Win32
		{0EE2BA10-2B22-34E1-BA65-F6D59DF94420}.RelWithDebInfo|Win32.ActiveCfg = RelWithDebInfo|Win32
		{0EE2BA10-2B22-34E1-BA65-F6D59DF94420}.RelWithDebInfo|Win32.Build.0 = RelWithDebInfo|Win32
		{FCF9E63D-5C3D-3BFC-90CC-7FA055E586CE}.Debug|Win32.ActiveCfg = Debug|Win32
		{FCF9E63D-5C3D-3BFC-90CC-7FA055E586CE}.Debug|Win32.Build.0 = Debug|Win32
		{FCF9E63D-5C3D-3BFC-90CC-7FA055E586CE}.Release|Win32.ActiveCfg = Release|Win32
		{FCF9E63D-5C3D-3BFC-90CC-7FA055E586CE}.Release|Win32.Build.0 = Release|Win32
		{FCF9E63D-5C3D-3BFC-90CC-7FA055E586CE}.MinSizeRel|Win32.ActiveCfg = MinSizeRel|Win32
		{FCF9E63D-5C3D-3BFC-90CC-7FA055E586CE}.MinSizeRel|Win32.Build.0 = MinSizeRel|Win32
		{FCF9E63D-5C3D-3BFC-90CC-7FA055E586CE}.RelWithDebInfo|Win32.ActiveCfg = RelWithDebInfo|Win32
		{FCF9E63D-5C3D-3BFC-90CC-7FA055E586CE}.RelWithDebInfo|Win32.Build.0 = RelWithDebInfo|Win32
		{AF85EB3C-E0CD-3512-A0A9-8365009F9477}.Debug|Win32.ActiveCfg = Debug|Win32
		{AF85EB3C-E0CD-3512-A0A9-8365009F9477}.Debug|Win32.Build.0 = Debug|Win32
		{AF85EB3C-E0CD-3512-A0A9-8365009F9477}.Release|Win32.ActiveCfg = Release|Win32
		{AF85EB3C-E0CD-3512-A0A9-8365009F9477}.Release|Win32.Build.0 = Release|Win32
		{AF85EB3C-E0CD-3512-A0A9-8365009F9477}.MinSizeRel|Win32.ActiveCfg = MinSizeRel|Win32
		{AF85EB3C-E0CD-3512-A0A9-8365009F9477}.MinSizeRel|Win32.Build.0 = MinSizeRel|Win32
		{AF85EB3C-E0CD-3512-A0A9-8365009F9477}.RelWithDebInfo|Win32.ActiveCfg = RelWithDebInfo|Win32
		{AF85EB3C-E0CD-3512-A0A9-8365009F9477}.RelWithDebInfo|Win32.Build.0 = RelWithDebInfo|Win32
		{A3240121-AFF9-3110-BF04-4F8C3A391662}.Debug|Win32.ActiveCfg = Debug|Win32
		{A3240121-AFF9-3110-BF04-4F8C3A391662}.Debug|Win32.Build.0 = Debug|Win32
		{A3240121-AFF9-3110-BF04-4F8C3A391662}.Release|Win32.ActiveCfg = Release|Win32
		{A3240121-AFF9-3110-BF04-4F8C3A391662}.Release|Win32.Build.0 = Release|Win32
		{A3240121-AFF9-3110-BF04-4F8C3A391662}.MinSizeRel|Win32.ActiveCfg = MinSizeRel|Win32
		{A3240121-AFF9-3110-BF04-4F8C3A391662}.MinSizeRel|Win32.Build.0 = MinSizeRel|Win32
		{A3240121-AFF9-3110-BF04-4F8C3A391662}.RelWithDebInfo|Win32.ActiveCfg = RelWithDebInfo|Win32
		{A3240121-AFF9-3110-BF04-4F8C3A391662}.RelWithDebInfo|Win32.Build.0 = RelWithDebInfo|Win32
		{579C6E1E-B6EC-3078-A32D-4DB2E6372C15}.Debug|Win32.ActiveCfg = Debug|Win32
		{579C6E1E-B6EC-3078-A32D-4DB2E6372C15}.Debug|Win32.Build.0 = Debug|Win32
		{579C6E1E-B6EC-3078-A32D-4DB2E6372C15}.Release|Win32.ActiveCfg = Release|Win32
		{579C6E1E-B6EC-3078-A32D-4DB2E6372C15}.Release|Win32.Build.0 = Release|Win32
		{579C6E1E-B6EC-3078-A32D-4DB2E6372C15}.MinSizeRel|Win32.ActiveCfg = MinSizeRel|Win32
		{579C6E1E-B6EC-3078-A32D-4DB2E6372C15}.MinSizeRel|Win32.Build.0 = MinSizeRel|Win32
		{579C6E1E-B6EC-3078-A32D-4DB2E6372C15}.RelWithDebInfo|Win32.ActiveCfg = RelWithDebInfo|Win32
		{579C6E1E-B6EC-3078-A32D-4DB2E6372C15}.RelWithDebInfo|Win32.Build.0 = RelWithDebInfo|Win32
		{E96A34D6-EA67-3184-9AFF-D295B0B65F99}.Debug|Win32.ActiveCfg = Debug|Win32
		{E96A34D6-EA67-3184-9AFF-D295B0B65F99}.Debug|Win32.Build.0 = Debug|Win32
		{E96A34D6-EA67-3184-9AFF-D295B0B65F99}.Release|Win32.ActiveCfg = Release|Win32
		{E96A34D6-EA67-3184-9AFF-D295B0B65F99}.Release|Win32.Build.0 = Release|Win32
		{E96A34D6-EA67-3184-9AFF-D295B0B65F99}.MinSizeRel|Win32.ActiveCfg = MinSizeRel|Win32
		{E96A34D6-EA67-3184-9AFF-D295B0B65F99}.MinSizeRel|Win32.Build.0 = MinSizeRel|Win32
		{E96A34D6-EA67-3184-9AFF-D295B0B65F99}.RelWithDebInfo|Win32.ActiveCfg = RelWithDebInfo|Win32
		{E96A34D6-EA67-3184-9AFF-D295B0B65F99}.RelWithDebInfo|Win32.Build.0 = RelWithDebInfo|Win32
		{603E0A31-86FC-3B3A-A8DA-4DD55411981D}.Debug|Win32.ActiveCfg = Debug|Win32
		{603E0A31-86FC-3B3A-A8DA-4DD55411981D}.Debug|Win32.Build.0 = Debug|Win32
		{603E0A31-86FC-3B3A-A8DA-4DD55411981D}.Release|Win32.ActiveCfg = Release|Win32
		{603E0A31-86FC-3B3A-A8DA-4DD55411981D}.Release|Win32.Build.0 = Release|Win32
		{603E0A31-86FC-3B3A-A8DA-4DD55411981D}.MinSizeRel|Win32.ActiveCfg = MinSizeRel|Win32
		{603E0A31-86FC-3B3A-A8DA-4DD55411981D}.MinSizeRel|Win32.Build.0 = MinSizeRel|Win32
		{603E0A31-86FC-3B3A-A8DA-4DD55411981D}.RelWithDebInfo|Win32.ActiveCfg = RelWithDebInfo|Win32
		{603E0A31-86FC-3B3A-A8DA-4DD55411981D}.RelWithDebInfo|Win32.Build.0 = RelWithDebInfo|Win32
		{3BC51655-2E41-3916-908A-25DE7129174E}.Debug|Win32.ActiveCfg = Debug|Win32
		{3BC51655-2E41-3916-908A-25DE7129174E}.Debug|Win32.Build.0 = Debug|Win32
		{3BC51655-2E41-3916-908A-25DE7129174E}.Release|Win32.ActiveCfg = Release|Win32
		{3BC51655-2E41-3916-908A-25DE7129174E}.Release|Win32.Build.0 = Release|Win32
		{3BC51655-2E41-3916-908A-25DE7129174E}.MinSizeRel|Win32.ActiveCfg = MinSizeRel|Win32
		{3BC51655-2E41-3916-908A-25DE7129174E}.MinSizeRel|Win32.Build.0 = MinSizeRel|Win32
		{3BC51655-2E41-3916-908A-25DE7129174E}.RelWithDebInfo|Win32.ActiveCfg = RelWithDebInfo|Win32
		{3BC51655-2E41-3916-908A-25DE7129174E}.RelWithDebInfo|Win32.Build.0 = RelWithDebInfo|Win32
		{B6976687-431D-3996-937E-63977DD4F767}.Debug|Win32.ActiveCfg = Debug|Win32
		{B6976687-431D-3996-937E-63977DD4F767}.Debug|Win32.Build.0 = Debug|Win32
		{B6976687-431D-3996-937E-63977DD4F767}.Release|Win32.ActiveCfg = Release|Win32
		{B6976687-431D-3996-937E-63977DD4F767}.Release|Win32.Build.0 = Release|Win32
		{B6976687-431D-3996-937E-63977DD4F767}.MinSizeRel|Win32.ActiveCfg = MinSizeRel|Win32
		{B6976687-431D-3996-937E-63977DD4F767}.MinSizeRel|Win32.Build.0 = MinSizeRel|Win32
		{B6976687-431D-3996-937E-63977DD4F767}.RelWithDebInfo|Win32.ActiveCfg = RelWithDebInfo|Win32
		{B6976687-431D-3996-937E-63977DD4F767}.RelWithDebInfo|Win32.Build.0 = RelWithDebInfo|Win32
		{2BA8DE03-048E-35BF-B33F-3323854AAACB}.Debug|Win32.ActiveCfg = Debug|Win32
		{2BA8DE03-048E-35BF-B33F-3323854AAACB}.Debug|Win32.Build.0 = Debug|Win32
		{2BA8DE03-048E-35BF-B33F-3323854AAACB}.Release|Win32.ActiveCfg = Release|Win32
		{2BA8DE03-048E-35BF-B33F-3323854AAACB}.Release|Win32.Build.0 = Release|Win32
		{2BA8DE03-048E-35BF-B33F-3323854AAACB}.MinSizeRel|Win32.ActiveCfg = MinSizeRel|Win32
		{2BA8DE03-048E-35BF-B33F-3323854AAACB}.MinSizeRel|Win32.Build.0 = MinSizeRel|Win32
		{2BA8DE03-048E-35BF-B33F-3323854AAACB}.RelWithDebInfo|Win32.ActiveCfg = RelWithDebInfo|Win32
		{2BA8DE03-048E-35BF-B33F-3323854AAACB}.RelWithDebInfo|Win32.Build.0 = RelWithDebInfo|Win32
	EndGlobalSection
	GlobalSection(ExtensibilityGlobals) = postSolution
		SolutionGuid = {D7385D0E-2A65-397E-A004-D1F2EF478809}
	EndGlobalSection
	GlobalSection(ExtensibilityAddIns) = postSolution
	EndGlobalSection
EndGlobal
