<?xml version="1.0" encoding="utf-8"?>
<Project ToolsVersion="16.0" xmlns="http://schemas.microsoft.com/developer/msbuild/2003">
  <ItemGroup>
    <CustomBuild Include="E:\nightfire_sdk\metaaudio\CMakeFiles\b36978d67e7a66eb7a74c63b648c0861\generate.stamp.rule">
      <Filter>CMake Rules</Filter>
    </CustomBuild>
  </ItemGroup>
  <ItemGroup>
    <Filter Include="CMake Rules">
      <UniqueIdentifier>{3FCC3C01-2CAA-3137-9FCF-C37850F746C4}</UniqueIdentifier>
    </Filter>
  </ItemGroup>
</Project>
